// !$*UTF8*$!
{
	archiveVersion = 1;
	classes = {
	};
	objectVersion = 46;
	objects = {

/* Begin PBXBuildFile section */
		4D27B1C84096D8EC738422AE /* Pods.framework in Frameworks */ = {isa = PBXBuildFile; fileRef = D9C98F2E301BB341C3C310AC /* Pods.framework */; };
		AB03C80B1BD6A09A00F0A37C /* AppDelegate.swift in Sources */ = {isa = PBXBuildFile; fileRef = AB03C80A1BD6A09A00F0A37C /* AppDelegate.swift */; };
		AB03C80D1BD6A09A00F0A37C /* ViewController.swift in Sources */ = {isa = PBXBuildFile; fileRef = AB03C80C1BD6A09A00F0A37C /* ViewController.swift */; };
		AB03C8101BD6A09A00F0A37C /* Main.storyboard in Resources */ = {isa = PBXBuildFile; fileRef = AB03C80E1BD6A09A00F0A37C /* Main.storyboard */; };
		AB03C8131BD6A09A00F0A37C /* ds_ios.xcdatamodeld in Sources */ = {isa = PBXBuildFile; fileRef = AB03C8111BD6A09A00F0A37C /* ds_ios.xcdatamodeld */; };
		AB03C8151BD6A09A00F0A37C /* Assets.xcassets in Resources */ = {isa = PBXBuildFile; fileRef = AB03C8141BD6A09A00F0A37C /* Assets.xcassets */; };
		AB03C8181BD6A09A00F0A37C /* LaunchScreen.storyboard in Resources */ = {isa = PBXBuildFile; fileRef = AB03C8161BD6A09A00F0A37C /* LaunchScreen.storyboard */; };
		AB03E0341BDA320F000F8D6C /* AVPlayVideoViewController.swift in Sources */ = {isa = PBXBuildFile; fileRef = AB03E0331BDA320F000F8D6C /* AVPlayVideoViewController.swift */; };
		AB03E0361BDA3225000F8D6C /* AVKit.framework in Frameworks */ = {isa = PBXBuildFile; fileRef = AB03E0351BDA3225000F8D6C /* AVKit.framework */; };
		AB0CA1531BE5B9E700134F1E /* SimpleButton.swift in Sources */ = {isa = PBXBuildFile; fileRef = AB0CA1521BE5B9E700134F1E /* SimpleButton.swift */; };
		AB0CA1551BE5BA8200134F1E /* CustomButtons.swift in Sources */ = {isa = PBXBuildFile; fileRef = AB0CA1541BE5BA8200134F1E /* CustomButtons.swift */; };
		AB0CA1571BE60C3D00134F1E /* LoginViewController.swift in Sources */ = {isa = PBXBuildFile; fileRef = AB0CA1561BE60C3D00134F1E /* LoginViewController.swift */; };
		AB1493F41BD72901004A9F43 /* FindMainTableViewController.swift in Sources */ = {isa = PBXBuildFile; fileRef = AB1493F31BD72901004A9F43 /* FindMainTableViewController.swift */; };
		AB1493F61BD72A60004A9F43 /* FindTableViewCell.swift in Sources */ = {isa = PBXBuildFile; fileRef = AB1493F51BD72A60004A9F43 /* FindTableViewCell.swift */; };
		AB1494081BD74721004A9F43 /* PeriscopyNavBarExtension.swift in Sources */ = {isa = PBXBuildFile; fileRef = AB1494061BD74721004A9F43 /* PeriscopyNavBarExtension.swift */; };
		AB1494091BD74721004A9F43 /* PeriscopyTitleView.swift in Sources */ = {isa = PBXBuildFile; fileRef = AB1494071BD74721004A9F43 /* PeriscopyTitleView.swift */; };
		AB2CBAA81BDB67C200EE0672 /* PalyVideoInfoViewController.swift in Sources */ = {isa = PBXBuildFile; fileRef = AB2CBAA71BDB67C200EE0672 /* PalyVideoInfoViewController.swift */; };
		AB2CBAAA1BDB680000EE0672 /* PlayVideoCommentTableViewController.swift in Sources */ = {isa = PBXBuildFile; fileRef = AB2CBAA91BDB680000EE0672 /* PlayVideoCommentTableViewController.swift */; };
		AB2CBAAC1BDB68D200EE0672 /* PlayVideoRecommendTableViewController.swift in Sources */ = {isa = PBXBuildFile; fileRef = AB2CBAAB1BDB68D200EE0672 /* PlayVideoRecommendTableViewController.swift */; };
		AB2ED0491BE37261002CE2E2 /* MyMainTableViewController.swift in Sources */ = {isa = PBXBuildFile; fileRef = AB2ED0481BE37261002CE2E2 /* MyMainTableViewController.swift */; };
		AB2EF2DD1BE22C69008E96CC /* SnapKit.swift in Sources */ = {isa = PBXBuildFile; fileRef = AB2EF2D01BE22C69008E96CC /* SnapKit.swift */; };
		AB2EF2DE1BE22C69008E96CC /* Constraint.swift in Sources */ = {isa = PBXBuildFile; fileRef = AB2EF2D11BE22C69008E96CC /* Constraint.swift */; };
		AB2EF2DF1BE22C69008E96CC /* ConstraintDescription.swift in Sources */ = {isa = PBXBuildFile; fileRef = AB2EF2D21BE22C69008E96CC /* ConstraintDescription.swift */; };
		AB2EF2E01BE22C69008E96CC /* ConstraintMaker.swift in Sources */ = {isa = PBXBuildFile; fileRef = AB2EF2D31BE22C69008E96CC /* ConstraintMaker.swift */; };
		AB2EF2E11BE22C69008E96CC /* View+SnapKit.swift in Sources */ = {isa = PBXBuildFile; fileRef = AB2EF2D41BE22C69008E96CC /* View+SnapKit.swift */; };
		AB2EF2E21BE22C69008E96CC /* ViewController+SnapKit.swift in Sources */ = {isa = PBXBuildFile; fileRef = AB2EF2D51BE22C69008E96CC /* ViewController+SnapKit.swift */; };
		AB2EF2E31BE22C69008E96CC /* ConstraintItem.swift in Sources */ = {isa = PBXBuildFile; fileRef = AB2EF2D61BE22C69008E96CC /* ConstraintItem.swift */; };
		AB2EF2E41BE22C69008E96CC /* EdgeInsets.swift in Sources */ = {isa = PBXBuildFile; fileRef = AB2EF2D71BE22C69008E96CC /* EdgeInsets.swift */; };
		AB2EF2E51BE22C69008E96CC /* LayoutConstraint.swift in Sources */ = {isa = PBXBuildFile; fileRef = AB2EF2D81BE22C69008E96CC /* LayoutConstraint.swift */; };
		AB2EF2E61BE22C69008E96CC /* Debugging.swift in Sources */ = {isa = PBXBuildFile; fileRef = AB2EF2D91BE22C69008E96CC /* Debugging.swift */; };
		AB2EF2E71BE22C69008E96CC /* ConstraintRelation.swift in Sources */ = {isa = PBXBuildFile; fileRef = AB2EF2DA1BE22C69008E96CC /* ConstraintRelation.swift */; };
		AB2EF2E81BE22C69008E96CC /* ConstraintAttributes.swift in Sources */ = {isa = PBXBuildFile; fileRef = AB2EF2DB1BE22C69008E96CC /* ConstraintAttributes.swift */; };
		AB2EF2E91BE22C69008E96CC /* SourceLocation.swift in Sources */ = {isa = PBXBuildFile; fileRef = AB2EF2DC1BE22C69008E96CC /* SourceLocation.swift */; };
		AB3263DD1BE8AB3F0099D02D /* ImageIO.framework in Frameworks */ = {isa = PBXBuildFile; fileRef = AB3263DC1BE8AB3F0099D02D /* ImageIO.framework */; };
		AB3263E11BE8AE530099D02D /* libstdc++.tbd in Frameworks */ = {isa = PBXBuildFile; fileRef = AB3263E01BE8AE530099D02D /* libstdc++.tbd */; };
		AB3263E31BE8AE7D0099D02D /* SystemConfiguration.framework in Frameworks */ = {isa = PBXBuildFile; fileRef = AB3263E21BE8AE7D0099D02D /* SystemConfiguration.framework */; };
		AB3263E51BE8AE890099D02D /* CoreTelephony.framework in Frameworks */ = {isa = PBXBuildFile; fileRef = AB3263E41BE8AE890099D02D /* CoreTelephony.framework */; };
		AB3263E71BE8AE960099D02D /* libicucore.tbd in Frameworks */ = {isa = PBXBuildFile; fileRef = AB3263E61BE8AE960099D02D /* libicucore.tbd */; };
		AB3263E91BE8AEA10099D02D /* libz.1.2.5.tbd in Frameworks */ = {isa = PBXBuildFile; fileRef = AB3263E81BE8AEA10099D02D /* libz.1.2.5.tbd */; };
		AB3263EB1BE8AEAB0099D02D /* Security.framework in Frameworks */ = {isa = PBXBuildFile; fileRef = AB3263EA1BE8AEAB0099D02D /* Security.framework */; };
		AB3263ED1BE8AEB60099D02D /* JavaScriptCore.framework in Frameworks */ = {isa = PBXBuildFile; fileRef = AB3263EC1BE8AEB60099D02D /* JavaScriptCore.framework */; };
		AB3263EF1BE8AEC90099D02D /* CoreText.framework in Frameworks */ = {isa = PBXBuildFile; fileRef = AB3263EE1BE8AEC90099D02D /* CoreText.framework */; };
		AB3263F11BE8AED10099D02D /* AdSupport.framework in Frameworks */ = {isa = PBXBuildFile; fileRef = AB3263F01BE8AED10099D02D /* AdSupport.framework */; };
		AB3263F21BE8AEDE0099D02D /* libsqlite3.tbd in Frameworks */ = {isa = PBXBuildFile; fileRef = AB3263DE1BE8AB500099D02D /* libsqlite3.tbd */; };
		AB3263F41BE8AEE80099D02D /* MessageUI.framework in Frameworks */ = {isa = PBXBuildFile; fileRef = AB3263F31BE8AEE80099D02D /* MessageUI.framework */; };
		AB46FBBF1BD927AE001C3C42 /* Home.storyboard in Resources */ = {isa = PBXBuildFile; fileRef = AB46FBBD1BD927AE001C3C42 /* Home.storyboard */; };
		AB46FBC21BD927CE001C3C42 /* Find.storyboard in Resources */ = {isa = PBXBuildFile; fileRef = AB46FBC01BD927CE001C3C42 /* Find.storyboard */; };
		AB46FBC51BD92811001C3C42 /* Play.storyboard in Resources */ = {isa = PBXBuildFile; fileRef = AB46FBC31BD92811001C3C42 /* Play.storyboard */; };
		AB58EF8C1BD6A19A00E2B428 /* CAPSPageMenu.swift in Sources */ = {isa = PBXBuildFile; fileRef = AB58EF801BD6A19A00E2B428 /* CAPSPageMenu.swift */; };
		AB58EF8D1BD6A19A00E2B428 /* HotVideoTableViewController.swift in Sources */ = {isa = PBXBuildFile; fileRef = AB58EF811BD6A19A00E2B428 /* HotVideoTableViewController.swift */; };
		AB58EF8E1BD6A19A00E2B428 /* FindViewController.swift in Sources */ = {isa = PBXBuildFile; fileRef = AB58EF821BD6A19A00E2B428 /* FindViewController.swift */; };
		AB58EF8F1BD6A19A00E2B428 /* HomeViewController.swift in Sources */ = {isa = PBXBuildFile; fileRef = AB58EF831BD6A19A00E2B428 /* HomeViewController.swift */; };
		AB58EF901BD6A19A00E2B428 /* HttpClient.swift in Sources */ = {isa = PBXBuildFile; fileRef = AB58EF841BD6A19A00E2B428 /* HttpClient.swift */; };
		AB58EF921BD6A19A00E2B428 /* PlayVideoViewController.swift in Sources */ = {isa = PBXBuildFile; fileRef = AB58EF861BD6A19A00E2B428 /* PlayVideoViewController.swift */; };
		AB58EF931BD6A19A00E2B428 /* PopVideoTableViewController.swift in Sources */ = {isa = PBXBuildFile; fileRef = AB58EF871BD6A19A00E2B428 /* PopVideoTableViewController.swift */; };
		AB58EF941BD6A19A00E2B428 /* UIColorExtension.swift in Sources */ = {isa = PBXBuildFile; fileRef = AB58EF881BD6A19A00E2B428 /* UIColorExtension.swift */; };
		AB58EF951BD6A19A00E2B428 /* UIViewController-Extension.swift in Sources */ = {isa = PBXBuildFile; fileRef = AB58EF891BD6A19A00E2B428 /* UIViewController-Extension.swift */; };
		AB58EF961BD6A19A00E2B428 /* VideoInfo.swift in Sources */ = {isa = PBXBuildFile; fileRef = AB58EF8A1BD6A19A00E2B428 /* VideoInfo.swift */; };
		AB58EF971BD6A19A00E2B428 /* VideoTableViewCell.swift in Sources */ = {isa = PBXBuildFile; fileRef = AB58EF8B1BD6A19A00E2B428 /* VideoTableViewCell.swift */; };
		AB58EFB81BD6A41A00E2B428 /* kr-video-player-close@2x.png in Resources */ = {isa = PBXBuildFile; fileRef = AB58EFA61BD6A41A00E2B428 /* kr-video-player-close@2x.png */; };
		AB58EFB91BD6A41A00E2B428 /* kr-video-player-close@3x.png in Resources */ = {isa = PBXBuildFile; fileRef = AB58EFA71BD6A41A00E2B428 /* kr-video-player-close@3x.png */; };
		AB58EFBA1BD6A41A00E2B428 /* kr-video-player-fullscreen@2x.png in Resources */ = {isa = PBXBuildFile; fileRef = AB58EFA81BD6A41A00E2B428 /* kr-video-player-fullscreen@2x.png */; };
		AB58EFBB1BD6A41A00E2B428 /* kr-video-player-fullscreen@3x.png in Resources */ = {isa = PBXBuildFile; fileRef = AB58EFA91BD6A41A00E2B428 /* kr-video-player-fullscreen@3x.png */; };
		AB58EFBC1BD6A41A00E2B428 /* kr-video-player-pause@2x.png in Resources */ = {isa = PBXBuildFile; fileRef = AB58EFAA1BD6A41A00E2B428 /* kr-video-player-pause@2x.png */; };
		AB58EFBD1BD6A41A00E2B428 /* kr-video-player-pause@3x.png in Resources */ = {isa = PBXBuildFile; fileRef = AB58EFAB1BD6A41A00E2B428 /* kr-video-player-pause@3x.png */; };
		AB58EFBE1BD6A41A00E2B428 /* kr-video-player-play@2x.png in Resources */ = {isa = PBXBuildFile; fileRef = AB58EFAC1BD6A41A00E2B428 /* kr-video-player-play@2x.png */; };
		AB58EFBF1BD6A41A00E2B428 /* kr-video-player-play@3x.png in Resources */ = {isa = PBXBuildFile; fileRef = AB58EFAD1BD6A41A00E2B428 /* kr-video-player-play@3x.png */; };
		AB58EFC01BD6A41A00E2B428 /* kr-video-player-point@2x.png in Resources */ = {isa = PBXBuildFile; fileRef = AB58EFAE1BD6A41A00E2B428 /* kr-video-player-point@2x.png */; };
		AB58EFC11BD6A41A00E2B428 /* kr-video-player-point@3x.png in Resources */ = {isa = PBXBuildFile; fileRef = AB58EFAF1BD6A41A00E2B428 /* kr-video-player-point@3x.png */; };
		AB58EFC21BD6A41A00E2B428 /* kr-video-player-shrinkscreen@2x.png in Resources */ = {isa = PBXBuildFile; fileRef = AB58EFB01BD6A41A00E2B428 /* kr-video-player-shrinkscreen@2x.png */; };
		AB58EFC31BD6A41A00E2B428 /* kr-video-player-shrinkscreen@3x.png in Resources */ = {isa = PBXBuildFile; fileRef = AB58EFB11BD6A41A00E2B428 /* kr-video-player-shrinkscreen@3x.png */; };
		AB58EFC41BD6A41A00E2B428 /* KrVideoPlayerController.m in Sources */ = {isa = PBXBuildFile; fileRef = AB58EFB41BD6A41A00E2B428 /* KrVideoPlayerController.m */; };
		AB58EFC51BD6A41A00E2B428 /* KrVideoPlayerControlView.m in Sources */ = {isa = PBXBuildFile; fileRef = AB58EFB61BD6A41A00E2B428 /* KrVideoPlayerControlView.m */; };
		AB58EFC61BD6A41A00E2B428 /* README.md in Sources */ = {isa = PBXBuildFile; fileRef = AB58EFB71BD6A41A00E2B428 /* README.md */; };
		AB58EFCA1BD6A51800E2B428 /* MapKit.framework in Frameworks */ = {isa = PBXBuildFile; fileRef = AB58EFC91BD6A51800E2B428 /* MapKit.framework */; };
		ABA09EF21BE4C34D009C8A85 /* MainTabBarViewController.swift in Sources */ = {isa = PBXBuildFile; fileRef = ABA09EF11BE4C34D009C8A85 /* MainTabBarViewController.swift */; };
		ABC3FBE01BD93390003300C9 /* RoundImageViewPro.swift in Sources */ = {isa = PBXBuildFile; fileRef = ABC3FBDF1BD93390003300C9 /* RoundImageViewPro.swift */; };
		ABCF395B1BDF6D0E00C18508 /* NewVideoTableViewController.swift in Sources */ = {isa = PBXBuildFile; fileRef = ABCF395A1BDF6D0E00C18508 /* NewVideoTableViewController.swift */; };
		ABCF395D1BDF6F6C00C18508 /* DSHttpClient.swift in Sources */ = {isa = PBXBuildFile; fileRef = ABCF395C1BDF6F6C00C18508 /* DSHttpClient.swift */; };
		ABCF39601BE07E9D00C18508 /* My.storyboard in Resources */ = {isa = PBXBuildFile; fileRef = ABCF395E1BE07E9D00C18508 /* My.storyboard */; };
		ABF6AEE51BE0D42800448D75 /* UIImage+ImageEffects.m in Sources */ = {isa = PBXBuildFile; fileRef = ABF6AEE21BE0D42800448D75 /* UIImage+ImageEffects.m */; };
		ABF6AEE61BE0D42800448D75 /* ParallaxHeaderView.m in Sources */ = {isa = PBXBuildFile; fileRef = ABF6AEE41BE0D42800448D75 /* ParallaxHeaderView.m */; };
/* End PBXBuildFile section */

/* Begin PBXFileReference section */
		2343D262913AFB4AC2BFBF5C /* Pods.debug.xcconfig */ = {isa = PBXFileReference; includeInIndex = 1; lastKnownFileType = text.xcconfig; name = Pods.debug.xcconfig; path = "Pods/Target Support Files/Pods/Pods.debug.xcconfig"; sourceTree = "<group>"; };
		A3510B5C718A38ECFC031E4E /* Pods.release.xcconfig */ = {isa = PBXFileReference; includeInIndex = 1; lastKnownFileType = text.xcconfig; name = Pods.release.xcconfig; path = "Pods/Target Support Files/Pods/Pods.release.xcconfig"; sourceTree = "<group>"; };
		AB03C8071BD6A09A00F0A37C /* ds-ios.app */ = {isa = PBXFileReference; explicitFileType = wrapper.application; includeInIndex = 0; path = "ds-ios.app"; sourceTree = BUILT_PRODUCTS_DIR; };
		AB03C80A1BD6A09A00F0A37C /* AppDelegate.swift */ = {isa = PBXFileReference; lastKnownFileType = sourcecode.swift; path = AppDelegate.swift; sourceTree = "<group>"; };
		AB03C80C1BD6A09A00F0A37C /* ViewController.swift */ = {isa = PBXFileReference; lastKnownFileType = sourcecode.swift; path = ViewController.swift; sourceTree = "<group>"; };
		AB03C80F1BD6A09A00F0A37C /* Base */ = {isa = PBXFileReference; lastKnownFileType = file.storyboard; name = Base; path = Base.lproj/Main.storyboard; sourceTree = "<group>"; };
		AB03C8121BD6A09A00F0A37C /* ds_ios.xcdatamodel */ = {isa = PBXFileReference; lastKnownFileType = wrapper.xcdatamodel; path = ds_ios.xcdatamodel; sourceTree = "<group>"; };
		AB03C8141BD6A09A00F0A37C /* Assets.xcassets */ = {isa = PBXFileReference; lastKnownFileType = folder.assetcatalog; path = Assets.xcassets; sourceTree = "<group>"; };
		AB03C8171BD6A09A00F0A37C /* Base */ = {isa = PBXFileReference; lastKnownFileType = file.storyboard; name = Base; path = Base.lproj/LaunchScreen.storyboard; sourceTree = "<group>"; };
		AB03C8191BD6A09A00F0A37C /* Info.plist */ = {isa = PBXFileReference; lastKnownFileType = text.plist.xml; path = Info.plist; sourceTree = "<group>"; };
		AB03E0331BDA320F000F8D6C /* AVPlayVideoViewController.swift */ = {isa = PBXFileReference; fileEncoding = 4; lastKnownFileType = sourcecode.swift; path = AVPlayVideoViewController.swift; sourceTree = "<group>"; };
		AB03E0351BDA3225000F8D6C /* AVKit.framework */ = {isa = PBXFileReference; lastKnownFileType = wrapper.framework; name = AVKit.framework; path = System/Library/Frameworks/AVKit.framework; sourceTree = SDKROOT; };
		AB0CA1521BE5B9E700134F1E /* SimpleButton.swift */ = {isa = PBXFileReference; fileEncoding = 4; lastKnownFileType = sourcecode.swift; path = SimpleButton.swift; sourceTree = "<group>"; };
		AB0CA1541BE5BA8200134F1E /* CustomButtons.swift */ = {isa = PBXFileReference; fileEncoding = 4; lastKnownFileType = sourcecode.swift; path = CustomButtons.swift; sourceTree = "<group>"; };
		AB0CA1561BE60C3D00134F1E /* LoginViewController.swift */ = {isa = PBXFileReference; fileEncoding = 4; lastKnownFileType = sourcecode.swift; path = LoginViewController.swift; sourceTree = "<group>"; };
		AB1493F31BD72901004A9F43 /* FindMainTableViewController.swift */ = {isa = PBXFileReference; fileEncoding = 4; lastKnownFileType = sourcecode.swift; path = FindMainTableViewController.swift; sourceTree = "<group>"; };
		AB1493F51BD72A60004A9F43 /* FindTableViewCell.swift */ = {isa = PBXFileReference; fileEncoding = 4; lastKnownFileType = sourcecode.swift; path = FindTableViewCell.swift; sourceTree = "<group>"; };
		AB1494061BD74721004A9F43 /* PeriscopyNavBarExtension.swift */ = {isa = PBXFileReference; fileEncoding = 4; lastKnownFileType = sourcecode.swift; path = PeriscopyNavBarExtension.swift; sourceTree = "<group>"; };
		AB1494071BD74721004A9F43 /* PeriscopyTitleView.swift */ = {isa = PBXFileReference; fileEncoding = 4; lastKnownFileType = sourcecode.swift; path = PeriscopyTitleView.swift; sourceTree = "<group>"; };
		AB2CBAA71BDB67C200EE0672 /* PalyVideoInfoViewController.swift */ = {isa = PBXFileReference; fileEncoding = 4; lastKnownFileType = sourcecode.swift; path = PalyVideoInfoViewController.swift; sourceTree = "<group>"; };
		AB2CBAA91BDB680000EE0672 /* PlayVideoCommentTableViewController.swift */ = {isa = PBXFileReference; fileEncoding = 4; lastKnownFileType = sourcecode.swift; path = PlayVideoCommentTableViewController.swift; sourceTree = "<group>"; };
		AB2CBAAB1BDB68D200EE0672 /* PlayVideoRecommendTableViewController.swift */ = {isa = PBXFileReference; fileEncoding = 4; lastKnownFileType = sourcecode.swift; path = PlayVideoRecommendTableViewController.swift; sourceTree = "<group>"; };
		AB2ED0481BE37261002CE2E2 /* MyMainTableViewController.swift */ = {isa = PBXFileReference; fileEncoding = 4; lastKnownFileType = sourcecode.swift; path = MyMainTableViewController.swift; sourceTree = "<group>"; };
		AB2EF2CC1BE22BF7008E96CC /* SnapKit.framework */ = {isa = PBXFileReference; lastKnownFileType = wrapper.framework; name = SnapKit.framework; path = ../../../../../../Desktop/SnapKit.framework; sourceTree = "<group>"; };
		AB2EF2CF1BE22C69008E96CC /* SnapKit.h */ = {isa = PBXFileReference; fileEncoding = 4; lastKnownFileType = sourcecode.c.h; path = SnapKit.h; sourceTree = "<group>"; };
		AB2EF2D01BE22C69008E96CC /* SnapKit.swift */ = {isa = PBXFileReference; fileEncoding = 4; lastKnownFileType = sourcecode.swift; path = SnapKit.swift; sourceTree = "<group>"; };
		AB2EF2D11BE22C69008E96CC /* Constraint.swift */ = {isa = PBXFileReference; fileEncoding = 4; lastKnownFileType = sourcecode.swift; path = Constraint.swift; sourceTree = "<group>"; };
		AB2EF2D21BE22C69008E96CC /* ConstraintDescription.swift */ = {isa = PBXFileReference; fileEncoding = 4; lastKnownFileType = sourcecode.swift; path = ConstraintDescription.swift; sourceTree = "<group>"; };
		AB2EF2D31BE22C69008E96CC /* ConstraintMaker.swift */ = {isa = PBXFileReference; fileEncoding = 4; lastKnownFileType = sourcecode.swift; path = ConstraintMaker.swift; sourceTree = "<group>"; };
		AB2EF2D41BE22C69008E96CC /* View+SnapKit.swift */ = {isa = PBXFileReference; fileEncoding = 4; lastKnownFileType = sourcecode.swift; path = "View+SnapKit.swift"; sourceTree = "<group>"; };
		AB2EF2D51BE22C69008E96CC /* ViewController+SnapKit.swift */ = {isa = PBXFileReference; fileEncoding = 4; lastKnownFileType = sourcecode.swift; path = "ViewController+SnapKit.swift"; sourceTree = "<group>"; };
		AB2EF2D61BE22C69008E96CC /* ConstraintItem.swift */ = {isa = PBXFileReference; fileEncoding = 4; lastKnownFileType = sourcecode.swift; path = ConstraintItem.swift; sourceTree = "<group>"; };
		AB2EF2D71BE22C69008E96CC /* EdgeInsets.swift */ = {isa = PBXFileReference; fileEncoding = 4; lastKnownFileType = sourcecode.swift; path = EdgeInsets.swift; sourceTree = "<group>"; };
		AB2EF2D81BE22C69008E96CC /* LayoutConstraint.swift */ = {isa = PBXFileReference; fileEncoding = 4; lastKnownFileType = sourcecode.swift; path = LayoutConstraint.swift; sourceTree = "<group>"; };
		AB2EF2D91BE22C69008E96CC /* Debugging.swift */ = {isa = PBXFileReference; fileEncoding = 4; lastKnownFileType = sourcecode.swift; path = Debugging.swift; sourceTree = "<group>"; };
		AB2EF2DA1BE22C69008E96CC /* ConstraintRelation.swift */ = {isa = PBXFileReference; fileEncoding = 4; lastKnownFileType = sourcecode.swift; path = ConstraintRelation.swift; sourceTree = "<group>"; };
		AB2EF2DB1BE22C69008E96CC /* ConstraintAttributes.swift */ = {isa = PBXFileReference; fileEncoding = 4; lastKnownFileType = sourcecode.swift; path = ConstraintAttributes.swift; sourceTree = "<group>"; };
		AB2EF2DC1BE22C69008E96CC /* SourceLocation.swift */ = {isa = PBXFileReference; fileEncoding = 4; lastKnownFileType = sourcecode.swift; path = SourceLocation.swift; sourceTree = "<group>"; };
		AB3263DC1BE8AB3F0099D02D /* ImageIO.framework */ = {isa = PBXFileReference; lastKnownFileType = wrapper.framework; name = ImageIO.framework; path = System/Library/Frameworks/ImageIO.framework; sourceTree = SDKROOT; };
		AB3263DE1BE8AB500099D02D /* libsqlite3.tbd */ = {isa = PBXFileReference; lastKnownFileType = "sourcecode.text-based-dylib-definition"; name = libsqlite3.tbd; path = usr/lib/libsqlite3.tbd; sourceTree = SDKROOT; };
		AB3263E01BE8AE530099D02D /* libstdc++.tbd */ = {isa = PBXFileReference; lastKnownFileType = "sourcecode.text-based-dylib-definition"; name = "libstdc++.tbd"; path = "usr/lib/libstdc++.tbd"; sourceTree = SDKROOT; };
		AB3263E21BE8AE7D0099D02D /* SystemConfiguration.framework */ = {isa = PBXFileReference; lastKnownFileType = wrapper.framework; name = SystemConfiguration.framework; path = System/Library/Frameworks/SystemConfiguration.framework; sourceTree = SDKROOT; };
		AB3263E41BE8AE890099D02D /* CoreTelephony.framework */ = {isa = PBXFileReference; lastKnownFileType = wrapper.framework; name = CoreTelephony.framework; path = System/Library/Frameworks/CoreTelephony.framework; sourceTree = SDKROOT; };
		AB3263E61BE8AE960099D02D /* libicucore.tbd */ = {isa = PBXFileReference; lastKnownFileType = "sourcecode.text-based-dylib-definition"; name = libicucore.tbd; path = usr/lib/libicucore.tbd; sourceTree = SDKROOT; };
		AB3263E81BE8AEA10099D02D /* libz.1.2.5.tbd */ = {isa = PBXFileReference; lastKnownFileType = "sourcecode.text-based-dylib-definition"; name = libz.1.2.5.tbd; path = usr/lib/libz.1.2.5.tbd; sourceTree = SDKROOT; };
		AB3263EA1BE8AEAB0099D02D /* Security.framework */ = {isa = PBXFileReference; lastKnownFileType = wrapper.framework; name = Security.framework; path = System/Library/Frameworks/Security.framework; sourceTree = SDKROOT; };
		AB3263EC1BE8AEB60099D02D /* JavaScriptCore.framework */ = {isa = PBXFileReference; lastKnownFileType = wrapper.framework; name = JavaScriptCore.framework; path = System/Library/Frameworks/JavaScriptCore.framework; sourceTree = SDKROOT; };
		AB3263EE1BE8AEC90099D02D /* CoreText.framework */ = {isa = PBXFileReference; lastKnownFileType = wrapper.framework; name = CoreText.framework; path = System/Library/Frameworks/CoreText.framework; sourceTree = SDKROOT; };
		AB3263F01BE8AED10099D02D /* AdSupport.framework */ = {isa = PBXFileReference; lastKnownFileType = wrapper.framework; name = AdSupport.framework; path = System/Library/Frameworks/AdSupport.framework; sourceTree = SDKROOT; };
		AB3263F31BE8AEE80099D02D /* MessageUI.framework */ = {isa = PBXFileReference; lastKnownFileType = wrapper.framework; name = MessageUI.framework; path = System/Library/Frameworks/MessageUI.framework; sourceTree = SDKROOT; };
		AB46FBBE1BD927AE001C3C42 /* Base */ = {isa = PBXFileReference; lastKnownFileType = file.storyboard; name = Base; path = Base.lproj/Home.storyboard; sourceTree = "<group>"; };
		AB46FBC11BD927CE001C3C42 /* Base */ = {isa = PBXFileReference; lastKnownFileType = file.storyboard; name = Base; path = Base.lproj/Find.storyboard; sourceTree = "<group>"; };
		AB46FBC41BD92811001C3C42 /* Base */ = {isa = PBXFileReference; lastKnownFileType = file.storyboard; name = Base; path = Base.lproj/Play.storyboard; sourceTree = "<group>"; };
		AB58EF801BD6A19A00E2B428 /* CAPSPageMenu.swift */ = {isa = PBXFileReference; fileEncoding = 4; lastKnownFileType = sourcecode.swift; path = CAPSPageMenu.swift; sourceTree = "<group>"; };
		AB58EF811BD6A19A00E2B428 /* HotVideoTableViewController.swift */ = {isa = PBXFileReference; fileEncoding = 4; lastKnownFileType = sourcecode.swift; path = HotVideoTableViewController.swift; sourceTree = "<group>"; };
		AB58EF821BD6A19A00E2B428 /* FindViewController.swift */ = {isa = PBXFileReference; fileEncoding = 4; lastKnownFileType = sourcecode.swift; path = FindViewController.swift; sourceTree = "<group>"; };
		AB58EF831BD6A19A00E2B428 /* HomeViewController.swift */ = {isa = PBXFileReference; fileEncoding = 4; lastKnownFileType = sourcecode.swift; path = HomeViewController.swift; sourceTree = "<group>"; };
		AB58EF841BD6A19A00E2B428 /* HttpClient.swift */ = {isa = PBXFileReference; fileEncoding = 4; lastKnownFileType = sourcecode.swift; path = HttpClient.swift; sourceTree = "<group>"; };
		AB58EF861BD6A19A00E2B428 /* PlayVideoViewController.swift */ = {isa = PBXFileReference; fileEncoding = 4; lastKnownFileType = sourcecode.swift; path = PlayVideoViewController.swift; sourceTree = "<group>"; };
		AB58EF871BD6A19A00E2B428 /* PopVideoTableViewController.swift */ = {isa = PBXFileReference; fileEncoding = 4; lastKnownFileType = sourcecode.swift; path = PopVideoTableViewController.swift; sourceTree = "<group>"; };
		AB58EF881BD6A19A00E2B428 /* UIColorExtension.swift */ = {isa = PBXFileReference; fileEncoding = 4; lastKnownFileType = sourcecode.swift; path = UIColorExtension.swift; sourceTree = "<group>"; };
		AB58EF891BD6A19A00E2B428 /* UIViewController-Extension.swift */ = {isa = PBXFileReference; fileEncoding = 4; lastKnownFileType = sourcecode.swift; path = "UIViewController-Extension.swift"; sourceTree = "<group>"; };
		AB58EF8A1BD6A19A00E2B428 /* VideoInfo.swift */ = {isa = PBXFileReference; fileEncoding = 4; lastKnownFileType = sourcecode.swift; path = VideoInfo.swift; sourceTree = "<group>"; };
		AB58EF8B1BD6A19A00E2B428 /* VideoTableViewCell.swift */ = {isa = PBXFileReference; fileEncoding = 4; lastKnownFileType = sourcecode.swift; path = VideoTableViewCell.swift; sourceTree = "<group>"; };
		AB58EFA11BD6A2D500E2B428 /* ds-ios-Bridging-Header.h */ = {isa = PBXFileReference; lastKnownFileType = sourcecode.c.h; path = "ds-ios-Bridging-Header.h"; sourceTree = "<group>"; };
		AB58EFA61BD6A41A00E2B428 /* kr-video-player-close@2x.png */ = {isa = PBXFileReference; lastKnownFileType = image.png; path = "kr-video-player-close@2x.png"; sourceTree = "<group>"; };
		AB58EFA71BD6A41A00E2B428 /* kr-video-player-close@3x.png */ = {isa = PBXFileReference; lastKnownFileType = image.png; path = "kr-video-player-close@3x.png"; sourceTree = "<group>"; };
		AB58EFA81BD6A41A00E2B428 /* kr-video-player-fullscreen@2x.png */ = {isa = PBXFileReference; lastKnownFileType = image.png; path = "kr-video-player-fullscreen@2x.png"; sourceTree = "<group>"; };
		AB58EFA91BD6A41A00E2B428 /* kr-video-player-fullscreen@3x.png */ = {isa = PBXFileReference; lastKnownFileType = image.png; path = "kr-video-player-fullscreen@3x.png"; sourceTree = "<group>"; };
		AB58EFAA1BD6A41A00E2B428 /* kr-video-player-pause@2x.png */ = {isa = PBXFileReference; lastKnownFileType = image.png; path = "kr-video-player-pause@2x.png"; sourceTree = "<group>"; };
		AB58EFAB1BD6A41A00E2B428 /* kr-video-player-pause@3x.png */ = {isa = PBXFileReference; lastKnownFileType = image.png; path = "kr-video-player-pause@3x.png"; sourceTree = "<group>"; };
		AB58EFAC1BD6A41A00E2B428 /* kr-video-player-play@2x.png */ = {isa = PBXFileReference; lastKnownFileType = image.png; path = "kr-video-player-play@2x.png"; sourceTree = "<group>"; };
		AB58EFAD1BD6A41A00E2B428 /* kr-video-player-play@3x.png */ = {isa = PBXFileReference; lastKnownFileType = image.png; path = "kr-video-player-play@3x.png"; sourceTree = "<group>"; };
		AB58EFAE1BD6A41A00E2B428 /* kr-video-player-point@2x.png */ = {isa = PBXFileReference; lastKnownFileType = image.png; path = "kr-video-player-point@2x.png"; sourceTree = "<group>"; };
		AB58EFAF1BD6A41A00E2B428 /* kr-video-player-point@3x.png */ = {isa = PBXFileReference; lastKnownFileType = image.png; path = "kr-video-player-point@3x.png"; sourceTree = "<group>"; };
		AB58EFB01BD6A41A00E2B428 /* kr-video-player-shrinkscreen@2x.png */ = {isa = PBXFileReference; lastKnownFileType = image.png; path = "kr-video-player-shrinkscreen@2x.png"; sourceTree = "<group>"; };
		AB58EFB11BD6A41A00E2B428 /* kr-video-player-shrinkscreen@3x.png */ = {isa = PBXFileReference; lastKnownFileType = image.png; path = "kr-video-player-shrinkscreen@3x.png"; sourceTree = "<group>"; };
		AB58EFB31BD6A41A00E2B428 /* KrVideoPlayerController.h */ = {isa = PBXFileReference; fileEncoding = 4; lastKnownFileType = sourcecode.c.h; path = KrVideoPlayerController.h; sourceTree = "<group>"; };
		AB58EFB41BD6A41A00E2B428 /* KrVideoPlayerController.m */ = {isa = PBXFileReference; fileEncoding = 4; lastKnownFileType = sourcecode.c.objc; path = KrVideoPlayerController.m; sourceTree = "<group>"; };
		AB58EFB51BD6A41A00E2B428 /* KrVideoPlayerControlView.h */ = {isa = PBXFileReference; fileEncoding = 4; lastKnownFileType = sourcecode.c.h; path = KrVideoPlayerControlView.h; sourceTree = "<group>"; };
		AB58EFB61BD6A41A00E2B428 /* KrVideoPlayerControlView.m */ = {isa = PBXFileReference; fileEncoding = 4; lastKnownFileType = sourcecode.c.objc; path = KrVideoPlayerControlView.m; sourceTree = "<group>"; };
		AB58EFB71BD6A41A00E2B428 /* README.md */ = {isa = PBXFileReference; fileEncoding = 4; lastKnownFileType = net.daringfireball.markdown; path = README.md; sourceTree = "<group>"; };
		AB58EFC91BD6A51800E2B428 /* MapKit.framework */ = {isa = PBXFileReference; lastKnownFileType = wrapper.framework; name = MapKit.framework; path = System/Library/Frameworks/MapKit.framework; sourceTree = SDKROOT; };
		AB58EFCD1BD6A89F00E2B428 /* StoreKit.framework */ = {isa = PBXFileReference; lastKnownFileType = wrapper.framework; name = StoreKit.framework; path = System/Library/Frameworks/StoreKit.framework; sourceTree = SDKROOT; };
		ABA09EF11BE4C34D009C8A85 /* MainTabBarViewController.swift */ = {isa = PBXFileReference; fileEncoding = 4; lastKnownFileType = sourcecode.swift; path = MainTabBarViewController.swift; sourceTree = "<group>"; };
		ABC3FBDF1BD93390003300C9 /* RoundImageViewPro.swift */ = {isa = PBXFileReference; fileEncoding = 4; lastKnownFileType = sourcecode.swift; path = RoundImageViewPro.swift; sourceTree = "<group>"; };
		ABCF395A1BDF6D0E00C18508 /* NewVideoTableViewController.swift */ = {isa = PBXFileReference; fileEncoding = 4; lastKnownFileType = sourcecode.swift; path = NewVideoTableViewController.swift; sourceTree = "<group>"; };
		ABCF395C1BDF6F6C00C18508 /* DSHttpClient.swift */ = {isa = PBXFileReference; fileEncoding = 4; lastKnownFileType = sourcecode.swift; path = DSHttpClient.swift; sourceTree = "<group>"; };
		ABCF395F1BE07E9D00C18508 /* Base */ = {isa = PBXFileReference; lastKnownFileType = file.storyboard; name = Base; path = Base.lproj/My.storyboard; sourceTree = "<group>"; };
		ABF6AEE11BE0D42800448D75 /* UIImage+ImageEffects.h */ = {isa = PBXFileReference; fileEncoding = 4; lastKnownFileType = sourcecode.c.h; path = "UIImage+ImageEffects.h"; sourceTree = "<group>"; };
		ABF6AEE21BE0D42800448D75 /* UIImage+ImageEffects.m */ = {isa = PBXFileReference; fileEncoding = 4; lastKnownFileType = sourcecode.c.objc; path = "UIImage+ImageEffects.m"; sourceTree = "<group>"; };
		ABF6AEE31BE0D42800448D75 /* ParallaxHeaderView.h */ = {isa = PBXFileReference; fileEncoding = 4; lastKnownFileType = sourcecode.c.h; path = ParallaxHeaderView.h; sourceTree = "<group>"; };
		ABF6AEE41BE0D42800448D75 /* ParallaxHeaderView.m */ = {isa = PBXFileReference; fileEncoding = 4; lastKnownFileType = sourcecode.c.objc; path = ParallaxHeaderView.m; sourceTree = "<group>"; };
		D9C98F2E301BB341C3C310AC /* Pods.framework */ = {isa = PBXFileReference; explicitFileType = wrapper.framework; includeInIndex = 0; path = Pods.framework; sourceTree = BUILT_PRODUCTS_DIR; };
/* End PBXFileReference section */

/* Begin PBXFrameworksBuildPhase section */
		AB03C8041BD6A09A00F0A37C /* Frameworks */ = {
			isa = PBXFrameworksBuildPhase;
			buildActionMask = 2147483647;
			files = (
				AB3263F41BE8AEE80099D02D /* MessageUI.framework in Frameworks */,
				AB3263F21BE8AEDE0099D02D /* libsqlite3.tbd in Frameworks */,
				AB3263F11BE8AED10099D02D /* AdSupport.framework in Frameworks */,
				AB3263EF1BE8AEC90099D02D /* CoreText.framework in Frameworks */,
				AB3263E11BE8AE530099D02D /* libstdc++.tbd in Frameworks */,
				AB3263ED1BE8AEB60099D02D /* JavaScriptCore.framework in Frameworks */,
				AB3263EB1BE8AEAB0099D02D /* Security.framework in Frameworks */,
				AB3263E91BE8AEA10099D02D /* libz.1.2.5.tbd in Frameworks */,
				AB3263E71BE8AE960099D02D /* libicucore.tbd in Frameworks */,
				AB3263E51BE8AE890099D02D /* CoreTelephony.framework in Frameworks */,
				AB3263E31BE8AE7D0099D02D /* SystemConfiguration.framework in Frameworks */,
				AB3263DD1BE8AB3F0099D02D /* ImageIO.framework in Frameworks */,
				AB03E0361BDA3225000F8D6C /* AVKit.framework in Frameworks */,
				4D27B1C84096D8EC738422AE /* Pods.framework in Frameworks */,
				AB58EFCA1BD6A51800E2B428 /* MapKit.framework in Frameworks */,
			);
			runOnlyForDeploymentPostprocessing = 0;
		};
/* End PBXFrameworksBuildPhase section */

/* Begin PBXGroup section */
		10EBB73AC5FA1091404FD628 /* Frameworks */ = {
			isa = PBXGroup;
			children = (
				AB3263F31BE8AEE80099D02D /* MessageUI.framework */,
				AB3263F01BE8AED10099D02D /* AdSupport.framework */,
				AB3263EE1BE8AEC90099D02D /* CoreText.framework */,
				AB3263EC1BE8AEB60099D02D /* JavaScriptCore.framework */,
				AB3263EA1BE8AEAB0099D02D /* Security.framework */,
				AB3263E81BE8AEA10099D02D /* libz.1.2.5.tbd */,
				AB3263E61BE8AE960099D02D /* libicucore.tbd */,
				AB3263E41BE8AE890099D02D /* CoreTelephony.framework */,
				AB3263E21BE8AE7D0099D02D /* SystemConfiguration.framework */,
				AB3263E01BE8AE530099D02D /* libstdc++.tbd */,
				AB3263DE1BE8AB500099D02D /* libsqlite3.tbd */,
				AB3263DC1BE8AB3F0099D02D /* ImageIO.framework */,
				AB2EF2CC1BE22BF7008E96CC /* SnapKit.framework */,
				AB03E0351BDA3225000F8D6C /* AVKit.framework */,
				AB58EFCD1BD6A89F00E2B428 /* StoreKit.framework */,
				AB58EFC91BD6A51800E2B428 /* MapKit.framework */,
				D9C98F2E301BB341C3C310AC /* Pods.framework */,
			);
			name = Frameworks;
			sourceTree = "<group>";
		};
		AB03C7FE1BD6A09A00F0A37C = {
			isa = PBXGroup;
			children = (
				AB03C8091BD6A09A00F0A37C /* ds-ios */,
				AB03C8081BD6A09A00F0A37C /* Products */,
				B5ACFED64BE8BFC2A1ED13FC /* Pods */,
				10EBB73AC5FA1091404FD628 /* Frameworks */,
			);
			sourceTree = "<group>";
		};
		AB03C8081BD6A09A00F0A37C /* Products */ = {
			isa = PBXGroup;
			children = (
				AB03C8071BD6A09A00F0A37C /* ds-ios.app */,
			);
			name = Products;
			sourceTree = "<group>";
		};
		AB03C8091BD6A09A00F0A37C /* ds-ios */ = {
			isa = PBXGroup;
			children = (
				AB0CA13F1BE5B23E00134F1E /* Resources */,
				AB58EF9D1BD6A24100E2B428 /* Extension */,
				AB58EF9C1BD6A23500E2B428 /* NetWork */,
				AB1493F21BD71EDC004A9F43 /* Storyboard */,
				AB58EF9F1BD6A25900E2B428 /* Views */,
				AB58EF981BD6A1F800E2B428 /* Controllers */,
				AB58EFA01BD6A26800E2B428 /* Utils */,
				AB3263A21BE8AA2B0099D02D /* Lib */,
				AB58EF9E1BD6A24B00E2B428 /* Model */,
				AB03C80A1BD6A09A00F0A37C /* AppDelegate.swift */,
				AB03C8141BD6A09A00F0A37C /* Assets.xcassets */,
				AB03C8191BD6A09A00F0A37C /* Info.plist */,
				AB03C8111BD6A09A00F0A37C /* ds_ios.xcdatamodeld */,
				AB58EFA11BD6A2D500E2B428 /* ds-ios-Bridging-Header.h */,
			);
			path = "ds-ios";
			sourceTree = "<group>";
		};
		AB0CA13F1BE5B23E00134F1E /* Resources */ = {
			isa = PBXGroup;
			children = (
				AB0CA1401BE5B24B00134F1E /* images */,
			);
			name = Resources;
			sourceTree = "<group>";
		};
		AB0CA1401BE5B24B00134F1E /* images */ = {
			isa = PBXGroup;
			children = (
				AB0CA1411BE5B26C00134F1E /* share_btn */,
			);
			name = images;
			sourceTree = "<group>";
		};
		AB0CA1411BE5B26C00134F1E /* share_btn */ = {
			isa = PBXGroup;
			children = (
			);
			path = share_btn;
			sourceTree = "<group>";
		};
		AB0CA1581BE6439B00134F1E /* SimpleButton */ = {
			isa = PBXGroup;
			children = (
				AB0CA1541BE5BA8200134F1E /* CustomButtons.swift */,
				AB0CA1521BE5B9E700134F1E /* SimpleButton.swift */,
			);
			name = SimpleButton;
			sourceTree = "<group>";
		};
		AB1493F21BD71EDC004A9F43 /* Storyboard */ = {
			isa = PBXGroup;
			children = (
				AB03C80E1BD6A09A00F0A37C /* Main.storyboard */,
				ABCF395E1BE07E9D00C18508 /* My.storyboard */,
				AB46FBC01BD927CE001C3C42 /* Find.storyboard */,
				AB46FBBD1BD927AE001C3C42 /* Home.storyboard */,
				AB46FBC31BD92811001C3C42 /* Play.storyboard */,
				AB03C8161BD6A09A00F0A37C /* LaunchScreen.storyboard */,
			);
			name = Storyboard;
			sourceTree = "<group>";
		};
		AB1494051BD74718004A9F43 /* Periscopy */ = {
			isa = PBXGroup;
			children = (
				AB1494061BD74721004A9F43 /* PeriscopyNavBarExtension.swift */,
				AB1494071BD74721004A9F43 /* PeriscopyTitleView.swift */,
			);
			name = Periscopy;
			sourceTree = "<group>";
		};
		AB2CBAA61BDB653800EE0672 /* Play */ = {
			isa = PBXGroup;
			children = (
				AB58EF861BD6A19A00E2B428 /* PlayVideoViewController.swift */,
				AB03E0331BDA320F000F8D6C /* AVPlayVideoViewController.swift */,
				AB2CBAA71BDB67C200EE0672 /* PalyVideoInfoViewController.swift */,
				AB2CBAA91BDB680000EE0672 /* PlayVideoCommentTableViewController.swift */,
				AB2CBAAB1BDB68D200EE0672 /* PlayVideoRecommendTableViewController.swift */,
			);
			name = Play;
			sourceTree = "<group>";
		};
		AB2EF2CE1BE22C5B008E96CC /* Snap */ = {
			isa = PBXGroup;
			children = (
				AB2EF2CF1BE22C69008E96CC /* SnapKit.h */,
				AB2EF2D01BE22C69008E96CC /* SnapKit.swift */,
				AB2EF2D11BE22C69008E96CC /* Constraint.swift */,
				AB2EF2D21BE22C69008E96CC /* ConstraintDescription.swift */,
				AB2EF2D31BE22C69008E96CC /* ConstraintMaker.swift */,
				AB2EF2D41BE22C69008E96CC /* View+SnapKit.swift */,
				AB2EF2D51BE22C69008E96CC /* ViewController+SnapKit.swift */,
				AB2EF2D61BE22C69008E96CC /* ConstraintItem.swift */,
				AB2EF2D71BE22C69008E96CC /* EdgeInsets.swift */,
				AB2EF2D81BE22C69008E96CC /* LayoutConstraint.swift */,
				AB2EF2D91BE22C69008E96CC /* Debugging.swift */,
				AB2EF2DA1BE22C69008E96CC /* ConstraintRelation.swift */,
				AB2EF2DB1BE22C69008E96CC /* ConstraintAttributes.swift */,
				AB2EF2DC1BE22C69008E96CC /* SourceLocation.swift */,
			);
			name = Snap;
			sourceTree = "<group>";
		};
		AB3263A21BE8AA2B0099D02D /* Lib */ = {
			isa = PBXGroup;
			children = (
			);
			name = Lib;
			sourceTree = "<group>";
		};
		AB58EF981BD6A1F800E2B428 /* Controllers */ = {
			isa = PBXGroup;
			children = (
				AB58EF9B1BD6A22C00E2B428 /* Main */,
				AB58EF991BD6A21200E2B428 /* Home */,
				AB58EF9A1BD6A21C00E2B428 /* Find */,
				ABCF39611BE09ADA00C18508 /* My */,
			);
			name = Controllers;
			sourceTree = "<group>";
		};
		AB58EF991BD6A21200E2B428 /* Home */ = {
			isa = PBXGroup;
			children = (
				AB58EF831BD6A19A00E2B428 /* HomeViewController.swift */,
				ABCF395A1BDF6D0E00C18508 /* NewVideoTableViewController.swift */,
				AB58EF811BD6A19A00E2B428 /* HotVideoTableViewController.swift */,
				AB58EF871BD6A19A00E2B428 /* PopVideoTableViewController.swift */,
				AB2CBAA61BDB653800EE0672 /* Play */,
			);
			name = Home;
			sourceTree = "<group>";
		};
		AB58EF9A1BD6A21C00E2B428 /* Find */ = {
			isa = PBXGroup;
			children = (
				AB58EF821BD6A19A00E2B428 /* FindViewController.swift */,
				AB1493F31BD72901004A9F43 /* FindMainTableViewController.swift */,
			);
			name = Find;
			sourceTree = "<group>";
		};
		AB58EF9B1BD6A22C00E2B428 /* Main */ = {
			isa = PBXGroup;
			children = (
				AB03C80C1BD6A09A00F0A37C /* ViewController.swift */,
				ABA09EF11BE4C34D009C8A85 /* MainTabBarViewController.swift */,
			);
			name = Main;
			sourceTree = "<group>";
		};
		AB58EF9C1BD6A23500E2B428 /* NetWork */ = {
			isa = PBXGroup;
			children = (
				AB58EF841BD6A19A00E2B428 /* HttpClient.swift */,
				ABCF395C1BDF6F6C00C18508 /* DSHttpClient.swift */,
			);
			name = NetWork;
			sourceTree = "<group>";
		};
		AB58EF9D1BD6A24100E2B428 /* Extension */ = {
			isa = PBXGroup;
			children = (
				AB58EF881BD6A19A00E2B428 /* UIColorExtension.swift */,
				AB58EF891BD6A19A00E2B428 /* UIViewController-Extension.swift */,
			);
			name = Extension;
			sourceTree = "<group>";
		};
		AB58EF9E1BD6A24B00E2B428 /* Model */ = {
			isa = PBXGroup;
			children = (
				AB58EF8A1BD6A19A00E2B428 /* VideoInfo.swift */,
			);
			name = Model;
			sourceTree = "<group>";
		};
		AB58EF9F1BD6A25900E2B428 /* Views */ = {
			isa = PBXGroup;
			children = (
				AB58EF8B1BD6A19A00E2B428 /* VideoTableViewCell.swift */,
				AB1493F51BD72A60004A9F43 /* FindTableViewCell.swift */,
			);
			name = Views;
			sourceTree = "<group>";
		};
		AB58EFA01BD6A26800E2B428 /* Utils */ = {
			isa = PBXGroup;
			children = (
				AB0CA1581BE6439B00134F1E /* SimpleButton */,
				AB2EF2CE1BE22C5B008E96CC /* Snap */,
				ABF6AEE01BE0D41200448D75 /* ParallaxHeaderView */,
				ABC3FBDF1BD93390003300C9 /* RoundImageViewPro.swift */,
				AB1494051BD74718004A9F43 /* Periscopy */,
				AB58EFA41BD6A41A00E2B428 /* KrVideoPlayer */,
				AB58EF801BD6A19A00E2B428 /* CAPSPageMenu.swift */,
			);
			name = Utils;
			sourceTree = "<group>";
		};
		AB58EFA41BD6A41A00E2B428 /* KrVideoPlayer */ = {
			isa = PBXGroup;
			children = (
				AB58EFA51BD6A41A00E2B428 /* Assets */,
				AB58EFB21BD6A41A00E2B428 /* Classes */,
				AB58EFB71BD6A41A00E2B428 /* README.md */,
			);
			path = KrVideoPlayer;
			sourceTree = "<group>";
		};
		AB58EFA51BD6A41A00E2B428 /* Assets */ = {
			isa = PBXGroup;
			children = (
				AB58EFA61BD6A41A00E2B428 /* kr-video-player-close@2x.png */,
				AB58EFA71BD6A41A00E2B428 /* kr-video-player-close@3x.png */,
				AB58EFA81BD6A41A00E2B428 /* kr-video-player-fullscreen@2x.png */,
				AB58EFA91BD6A41A00E2B428 /* kr-video-player-fullscreen@3x.png */,
				AB58EFAA1BD6A41A00E2B428 /* kr-video-player-pause@2x.png */,
				AB58EFAB1BD6A41A00E2B428 /* kr-video-player-pause@3x.png */,
				AB58EFAC1BD6A41A00E2B428 /* kr-video-player-play@2x.png */,
				AB58EFAD1BD6A41A00E2B428 /* kr-video-player-play@3x.png */,
				AB58EFAE1BD6A41A00E2B428 /* kr-video-player-point@2x.png */,
				AB58EFAF1BD6A41A00E2B428 /* kr-video-player-point@3x.png */,
				AB58EFB01BD6A41A00E2B428 /* kr-video-player-shrinkscreen@2x.png */,
				AB58EFB11BD6A41A00E2B428 /* kr-video-player-shrinkscreen@3x.png */,
			);
			path = Assets;
			sourceTree = "<group>";
		};
		AB58EFB21BD6A41A00E2B428 /* Classes */ = {
			isa = PBXGroup;
			children = (
				AB58EFB31BD6A41A00E2B428 /* KrVideoPlayerController.h */,
				AB58EFB41BD6A41A00E2B428 /* KrVideoPlayerController.m */,
				AB58EFB51BD6A41A00E2B428 /* KrVideoPlayerControlView.h */,
				AB58EFB61BD6A41A00E2B428 /* KrVideoPlayerControlView.m */,
			);
			path = Classes;
			sourceTree = "<group>";
		};
		ABCF39611BE09ADA00C18508 /* My */ = {
			isa = PBXGroup;
			children = (
				AB2ED0481BE37261002CE2E2 /* MyMainTableViewController.swift */,
				AB0CA1561BE60C3D00134F1E /* LoginViewController.swift */,
			);
			name = My;
			sourceTree = "<group>";
		};
		ABF6AEE01BE0D41200448D75 /* ParallaxHeaderView */ = {
			isa = PBXGroup;
			children = (
				ABF6AEE11BE0D42800448D75 /* UIImage+ImageEffects.h */,
				ABF6AEE21BE0D42800448D75 /* UIImage+ImageEffects.m */,
				ABF6AEE31BE0D42800448D75 /* ParallaxHeaderView.h */,
				ABF6AEE41BE0D42800448D75 /* ParallaxHeaderView.m */,
			);
			name = ParallaxHeaderView;
			sourceTree = "<group>";
		};
		B5ACFED64BE8BFC2A1ED13FC /* Pods */ = {
			isa = PBXGroup;
			children = (
				2343D262913AFB4AC2BFBF5C /* Pods.debug.xcconfig */,
				A3510B5C718A38ECFC031E4E /* Pods.release.xcconfig */,
			);
			name = Pods;
			sourceTree = "<group>";
		};
/* End PBXGroup section */

/* Begin PBXNativeTarget section */
		AB03C8061BD6A09A00F0A37C /* ds-ios */ = {
			isa = PBXNativeTarget;
			buildConfigurationList = AB03C81C1BD6A09A00F0A37C /* Build configuration list for PBXNativeTarget "ds-ios" */;
			buildPhases = (
				3B6B6DB92EDFC67D5EBC94FA /* Check Pods Manifest.lock */,
				AB03C8031BD6A09A00F0A37C /* Sources */,
				AB03C8041BD6A09A00F0A37C /* Frameworks */,
				AB03C8051BD6A09A00F0A37C /* Resources */,
				0AD634E0A415AA20A91981DA /* Embed Pods Frameworks */,
				654CE4C2C17A954BD70B5CD3 /* Copy Pods Resources */,
			);
			buildRules = (
			);
			dependencies = (
			);
			name = "ds-ios";
			productName = "ds-ios";
			productReference = AB03C8071BD6A09A00F0A37C /* ds-ios.app */;
			productType = "com.apple.product-type.application";
		};
/* End PBXNativeTarget section */

/* Begin PBXProject section */
		AB03C7FF1BD6A09A00F0A37C /* Project object */ = {
			isa = PBXProject;
			attributes = {
				LastSwiftUpdateCheck = 0700;
				LastUpgradeCheck = 0700;
				ORGANIZATIONNAME = Songlijun;
				TargetAttributes = {
					AB03C8061BD6A09A00F0A37C = {
						CreatedOnToolsVersion = 7.0.1;
						DevelopmentTeam = 587PLL658T;
						SystemCapabilities = {
							com.apple.InAppPurchase = {
								enabled = 1;
							};
							com.apple.Maps.iOS = {
								enabled = 1;
							};
							com.apple.Push = {
								enabled = 1;
							};
						};
					};
				};
			};
			buildConfigurationList = AB03C8021BD6A09A00F0A37C /* Build configuration list for PBXProject "ds-ios" */;
			compatibilityVersion = "Xcode 3.2";
			developmentRegion = English;
			hasScannedForEncodings = 0;
			knownRegions = (
				en,
				Base,
				"en-US",
				"zh-Hans-CN",
				"zh-Hans",
			);
			mainGroup = AB03C7FE1BD6A09A00F0A37C;
			productRefGroup = AB03C8081BD6A09A00F0A37C /* Products */;
			projectDirPath = "";
			projectRoot = "";
			targets = (
				AB03C8061BD6A09A00F0A37C /* ds-ios */,
			);
		};
/* End PBXProject section */

/* Begin PBXResourcesBuildPhase section */
		AB03C8051BD6A09A00F0A37C /* Resources */ = {
			isa = PBXResourcesBuildPhase;
			buildActionMask = 2147483647;
			files = (
				ABCF39601BE07E9D00C18508 /* My.storyboard in Resources */,
				AB58EFBE1BD6A41A00E2B428 /* kr-video-player-play@2x.png in Resources */,
				AB58EFB91BD6A41A00E2B428 /* kr-video-player-close@3x.png in Resources */,
				AB58EFBF1BD6A41A00E2B428 /* kr-video-player-play@3x.png in Resources */,
				AB58EFBB1BD6A41A00E2B428 /* kr-video-player-fullscreen@3x.png in Resources */,
				AB58EFC11BD6A41A00E2B428 /* kr-video-player-point@3x.png in Resources */,
				AB46FBC21BD927CE001C3C42 /* Find.storyboard in Resources */,
				AB58EFBA1BD6A41A00E2B428 /* kr-video-player-fullscreen@2x.png in Resources */,
				AB03C8181BD6A09A00F0A37C /* LaunchScreen.storyboard in Resources */,
				AB03C8151BD6A09A00F0A37C /* Assets.xcassets in Resources */,
				AB03C8101BD6A09A00F0A37C /* Main.storyboard in Resources */,
				AB46FBC51BD92811001C3C42 /* Play.storyboard in Resources */,
				AB58EFC21BD6A41A00E2B428 /* kr-video-player-shrinkscreen@2x.png in Resources */,
				AB58EFBD1BD6A41A00E2B428 /* kr-video-player-pause@3x.png in Resources */,
				AB58EFC31BD6A41A00E2B428 /* kr-video-player-shrinkscreen@3x.png in Resources */,
				AB58EFB81BD6A41A00E2B428 /* kr-video-player-close@2x.png in Resources */,
				AB58EFBC1BD6A41A00E2B428 /* kr-video-player-pause@2x.png in Resources */,
				AB58EFC01BD6A41A00E2B428 /* kr-video-player-point@2x.png in Resources */,
				AB46FBBF1BD927AE001C3C42 /* Home.storyboard in Resources */,
			);
			runOnlyForDeploymentPostprocessing = 0;
		};
/* End PBXResourcesBuildPhase section */

/* Begin PBXShellScriptBuildPhase section */
		0AD634E0A415AA20A91981DA /* Embed Pods Frameworks */ = {
			isa = PBXShellScriptBuildPhase;
			buildActionMask = 2147483647;
			files = (
			);
			inputPaths = (
			);
			name = "Embed Pods Frameworks";
			outputPaths = (
			);
			runOnlyForDeploymentPostprocessing = 0;
			shellPath = /bin/sh;
			shellScript = "\"${SRCROOT}/Pods/Target Support Files/Pods/Pods-frameworks.sh\"\n";
			showEnvVarsInLog = 0;
		};
		3B6B6DB92EDFC67D5EBC94FA /* Check Pods Manifest.lock */ = {
			isa = PBXShellScriptBuildPhase;
			buildActionMask = 2147483647;
			files = (
			);
			inputPaths = (
			);
			name = "Check Pods Manifest.lock";
			outputPaths = (
			);
			runOnlyForDeploymentPostprocessing = 0;
			shellPath = /bin/sh;
			shellScript = "diff \"${PODS_ROOT}/../Podfile.lock\" \"${PODS_ROOT}/Manifest.lock\" > /dev/null\nif [[ $? != 0 ]] ; then\n    cat << EOM\nerror: The sandbox is not in sync with the Podfile.lock. Run 'pod install' or update your CocoaPods installation.\nEOM\n    exit 1\nfi\n";
			showEnvVarsInLog = 0;
		};
		654CE4C2C17A954BD70B5CD3 /* Copy Pods Resources */ = {
			isa = PBXShellScriptBuildPhase;
			buildActionMask = 2147483647;
			files = (
			);
			inputPaths = (
			);
			name = "Copy Pods Resources";
			outputPaths = (
			);
			runOnlyForDeploymentPostprocessing = 0;
			shellPath = /bin/sh;
			shellScript = "\"${SRCROOT}/Pods/Target Support Files/Pods/Pods-resources.sh\"\n";
			showEnvVarsInLog = 0;
		};
/* End PBXShellScriptBuildPhase section */

/* Begin PBXSourcesBuildPhase section */
		AB03C8031BD6A09A00F0A37C /* Sources */ = {
			isa = PBXSourcesBuildPhase;
			buildActionMask = 2147483647;
			files = (
				AB2EF2E81BE22C69008E96CC /* ConstraintAttributes.swift in Sources */,
				AB2EF2E51BE22C69008E96CC /* LayoutConstraint.swift in Sources */,
				AB03C8131BD6A09A00F0A37C /* ds_ios.xcdatamodeld in Sources */,
				AB58EF951BD6A19A00E2B428 /* UIViewController-Extension.swift in Sources */,
				AB58EFC51BD6A41A00E2B428 /* KrVideoPlayerControlView.m in Sources */,
				AB03C80D1BD6A09A00F0A37C /* ViewController.swift in Sources */,
				AB1494091BD74721004A9F43 /* PeriscopyTitleView.swift in Sources */,
				AB58EF901BD6A19A00E2B428 /* HttpClient.swift in Sources */,
				AB58EFC61BD6A41A00E2B428 /* README.md in Sources */,
				AB58EF8C1BD6A19A00E2B428 /* CAPSPageMenu.swift in Sources */,
				AB2EF2E01BE22C69008E96CC /* ConstraintMaker.swift in Sources */,
				AB58EF8D1BD6A19A00E2B428 /* HotVideoTableViewController.swift in Sources */,
				AB0CA1571BE60C3D00134F1E /* LoginViewController.swift in Sources */,
				AB2ED0491BE37261002CE2E2 /* MyMainTableViewController.swift in Sources */,
				AB2CBAAA1BDB680000EE0672 /* PlayVideoCommentTableViewController.swift in Sources */,
				AB58EF931BD6A19A00E2B428 /* PopVideoTableViewController.swift in Sources */,
				ABCF395B1BDF6D0E00C18508 /* NewVideoTableViewController.swift in Sources */,
				AB03C80B1BD6A09A00F0A37C /* AppDelegate.swift in Sources */,
				AB58EFC41BD6A41A00E2B428 /* KrVideoPlayerController.m in Sources */,
				AB2CBAA81BDB67C200EE0672 /* PalyVideoInfoViewController.swift in Sources */,
				AB0CA1531BE5B9E700134F1E /* SimpleButton.swift in Sources */,
				AB1494081BD74721004A9F43 /* PeriscopyNavBarExtension.swift in Sources */,
				AB2EF2E21BE22C69008E96CC /* ViewController+SnapKit.swift in Sources */,
				ABC3FBE01BD93390003300C9 /* RoundImageViewPro.swift in Sources */,
				AB2EF2E41BE22C69008E96CC /* EdgeInsets.swift in Sources */,
				AB0CA1551BE5BA8200134F1E /* CustomButtons.swift in Sources */,
				AB2CBAAC1BDB68D200EE0672 /* PlayVideoRecommendTableViewController.swift in Sources */,
				AB2EF2E11BE22C69008E96CC /* View+SnapKit.swift in Sources */,
				AB58EF8F1BD6A19A00E2B428 /* HomeViewController.swift in Sources */,
				ABF6AEE61BE0D42800448D75 /* ParallaxHeaderView.m in Sources */,
				ABCF395D1BDF6F6C00C18508 /* DSHttpClient.swift in Sources */,
				AB58EF921BD6A19A00E2B428 /* PlayVideoViewController.swift in Sources */,
				AB2EF2DE1BE22C69008E96CC /* Constraint.swift in Sources */,
				ABA09EF21BE4C34D009C8A85 /* MainTabBarViewController.swift in Sources */,
				AB2EF2E31BE22C69008E96CC /* ConstraintItem.swift in Sources */,
				AB1493F41BD72901004A9F43 /* FindMainTableViewController.swift in Sources */,
				AB58EF8E1BD6A19A00E2B428 /* FindViewController.swift in Sources */,
				AB58EF941BD6A19A00E2B428 /* UIColorExtension.swift in Sources */,
				AB2EF2DD1BE22C69008E96CC /* SnapKit.swift in Sources */,
				AB58EF961BD6A19A00E2B428 /* VideoInfo.swift in Sources */,
				AB2EF2E91BE22C69008E96CC /* SourceLocation.swift in Sources */,
				ABF6AEE51BE0D42800448D75 /* UIImage+ImageEffects.m in Sources */,
				AB1493F61BD72A60004A9F43 /* FindTableViewCell.swift in Sources */,
				AB2EF2E61BE22C69008E96CC /* Debugging.swift in Sources */,
				AB58EF971BD6A19A00E2B428 /* VideoTableViewCell.swift in Sources */,
				AB03E0341BDA320F000F8D6C /* AVPlayVideoViewController.swift in Sources */,
				AB2EF2E71BE22C69008E96CC /* ConstraintRelation.swift in Sources */,
				AB2EF2DF1BE22C69008E96CC /* ConstraintDescription.swift in Sources */,
			);
			runOnlyForDeploymentPostprocessing = 0;
		};
/* End PBXSourcesBuildPhase section */

/* Begin PBXVariantGroup section */
		AB03C80E1BD6A09A00F0A37C /* Main.storyboard */ = {
			isa = PBXVariantGroup;
			children = (
				AB03C80F1BD6A09A00F0A37C /* Base */,
			);
			name = Main.storyboard;
			sourceTree = "<group>";
		};
		AB03C8161BD6A09A00F0A37C /* LaunchScreen.storyboard */ = {
			isa = PBXVariantGroup;
			children = (
				AB03C8171BD6A09A00F0A37C /* Base */,
			);
			name = LaunchScreen.storyboard;
			sourceTree = "<group>";
		};
		AB46FBBD1BD927AE001C3C42 /* Home.storyboard */ = {
			isa = PBXVariantGroup;
			children = (
				AB46FBBE1BD927AE001C3C42 /* Base */,
			);
			name = Home.storyboard;
			sourceTree = "<group>";
		};
		AB46FBC01BD927CE001C3C42 /* Find.storyboard */ = {
			isa = PBXVariantGroup;
			children = (
				AB46FBC11BD927CE001C3C42 /* Base */,
			);
			name = Find.storyboard;
			sourceTree = "<group>";
		};
		AB46FBC31BD92811001C3C42 /* Play.storyboard */ = {
			isa = PBXVariantGroup;
			children = (
				AB46FBC41BD92811001C3C42 /* Base */,
			);
			name = Play.storyboard;
			sourceTree = "<group>";
		};
		ABCF395E1BE07E9D00C18508 /* My.storyboard */ = {
			isa = PBXVariantGroup;
			children = (
				ABCF395F1BE07E9D00C18508 /* Base */,
			);
			name = My.storyboard;
			sourceTree = "<group>";
		};
/* End PBXVariantGroup section */

/* Begin XCBuildConfiguration section */
		AB03C81A1BD6A09A00F0A37C /* Debug */ = {
			isa = XCBuildConfiguration;
			buildSettings = {
				ALWAYS_SEARCH_USER_PATHS = NO;
				CLANG_CXX_LANGUAGE_STANDARD = "gnu++0x";
				CLANG_CXX_LIBRARY = "libc++";
				CLANG_ENABLE_MODULES = YES;
				CLANG_ENABLE_OBJC_ARC = YES;
				CLANG_WARN_BOOL_CONVERSION = YES;
				CLANG_WARN_CONSTANT_CONVERSION = YES;
				CLANG_WARN_DIRECT_OBJC_ISA_USAGE = YES_ERROR;
				CLANG_WARN_EMPTY_BODY = YES;
				CLANG_WARN_ENUM_CONVERSION = YES;
				CLANG_WARN_INT_CONVERSION = YES;
				CLANG_WARN_OBJC_ROOT_CLASS = YES_ERROR;
				CLANG_WARN_UNREACHABLE_CODE = YES;
				CLANG_WARN__DUPLICATE_METHOD_MATCH = YES;
				"CODE_SIGN_IDENTITY[sdk=iphoneos*]" = "iPhone Developer";
				COPY_PHASE_STRIP = NO;
				DEBUG_INFORMATION_FORMAT = dwarf;
				ENABLE_BITCODE = NO;
				ENABLE_STRICT_OBJC_MSGSEND = YES;
				ENABLE_TESTABILITY = YES;
				GCC_C_LANGUAGE_STANDARD = gnu99;
				GCC_DYNAMIC_NO_PIC = NO;
				GCC_NO_COMMON_BLOCKS = YES;
				GCC_OPTIMIZATION_LEVEL = 0;
				GCC_PREPROCESSOR_DEFINITIONS = (
					"DEBUG=1",
					"$(inherited)",
				);
				GCC_WARN_64_TO_32_BIT_CONVERSION = YES;
				GCC_WARN_ABOUT_RETURN_TYPE = YES_ERROR;
				GCC_WARN_UNDECLARED_SELECTOR = YES;
				GCC_WARN_UNINITIALIZED_AUTOS = YES_AGGRESSIVE;
				GCC_WARN_UNUSED_FUNCTION = YES;
				GCC_WARN_UNUSED_VARIABLE = YES;
				IPHONEOS_DEPLOYMENT_TARGET = 9.0;
				MTL_ENABLE_DEBUG_INFO = YES;
				ONLY_ACTIVE_ARCH = YES;
				SDKROOT = iphoneos;
				SWIFT_OPTIMIZATION_LEVEL = "-Onone";
				TARGETED_DEVICE_FAMILY = "1,2";
			};
			name = Debug;
		};
		AB03C81B1BD6A09A00F0A37C /* Release */ = {
			isa = XCBuildConfiguration;
			buildSettings = {
				ALWAYS_SEARCH_USER_PATHS = NO;
				CLANG_CXX_LANGUAGE_STANDARD = "gnu++0x";
				CLANG_CXX_LIBRARY = "libc++";
				CLANG_ENABLE_MODULES = YES;
				CLANG_ENABLE_OBJC_ARC = YES;
				CLANG_WARN_BOOL_CONVERSION = YES;
				CLANG_WARN_CONSTANT_CONVERSION = YES;
				CLANG_WARN_DIRECT_OBJC_ISA_USAGE = YES_ERROR;
				CLANG_WARN_EMPTY_BODY = YES;
				CLANG_WARN_ENUM_CONVERSION = YES;
				CLANG_WARN_INT_CONVERSION = YES;
				CLANG_WARN_OBJC_ROOT_CLASS = YES_ERROR;
				CLANG_WARN_UNREACHABLE_CODE = YES;
				CLANG_WARN__DUPLICATE_METHOD_MATCH = YES;
				"CODE_SIGN_IDENTITY[sdk=iphoneos*]" = "iPhone Developer";
				COPY_PHASE_STRIP = NO;
				DEBUG_INFORMATION_FORMAT = "dwarf-with-dsym";
				ENABLE_BITCODE = NO;
				ENABLE_NS_ASSERTIONS = NO;
				ENABLE_STRICT_OBJC_MSGSEND = YES;
				GCC_C_LANGUAGE_STANDARD = gnu99;
				GCC_NO_COMMON_BLOCKS = YES;
				GCC_WARN_64_TO_32_BIT_CONVERSION = YES;
				GCC_WARN_ABOUT_RETURN_TYPE = YES_ERROR;
				GCC_WARN_UNDECLARED_SELECTOR = YES;
				GCC_WARN_UNINITIALIZED_AUTOS = YES_AGGRESSIVE;
				GCC_WARN_UNUSED_FUNCTION = YES;
				GCC_WARN_UNUSED_VARIABLE = YES;
				IPHONEOS_DEPLOYMENT_TARGET = 9.0;
				MTL_ENABLE_DEBUG_INFO = NO;
				SDKROOT = iphoneos;
				TARGETED_DEVICE_FAMILY = "1,2";
				VALIDATE_PRODUCT = YES;
			};
			name = Release;
		};
		AB03C81D1BD6A09A00F0A37C /* Debug */ = {
			isa = XCBuildConfiguration;
			baseConfigurationReference = 2343D262913AFB4AC2BFBF5C /* Pods.debug.xcconfig */;
			buildSettings = {
				ASSETCATALOG_COMPILER_APPICON_NAME = AppIcon;
				CLANG_ENABLE_MODULES = YES;
				CODE_SIGN_IDENTITY = "iPhone Developer";
				FRAMEWORK_SEARCH_PATHS = (
					"$(inherited)",
					"$(PROJECT_DIR)/ds-ios/extends/GooglePlusSDK",
					"$(PROJECT_DIR)/ds-ios/extends/QQSDK",
					"$(PROJECT_DIR)/ds-ios/extends/RenRenSDK",
					"$(PROJECT_DIR)/ds-ios",
					"$(PROJECT_DIR)/ds-ios/ShareSDK/Connection",
					"$(PROJECT_DIR)/ds-ios/ShareSDK/Core",
					"$(PROJECT_DIR)/ds-ios/ShareSDK/Extend/QQConnectSDK",
					"$(PROJECT_DIR)/ds-ios/ShareSDK",
					"$(PROJECT_DIR)/ds-ios/ShareSDK/UI",
				);
				INFOPLIST_FILE = "ds-ios/Info.plist";
				LD_RUNPATH_SEARCH_PATHS = "$(inherited) @executable_path/Frameworks";
				LIBRARY_SEARCH_PATHS = (
					"$(inherited)",
					"$(PROJECT_DIR)/ds-ios/extends/SinaWeiboSDK",
					"$(PROJECT_DIR)/ds-ios/extends/WeChatSDK",
					"$(PROJECT_DIR)/ds-ios/ShareSDK/Extend/SinaWeiboSDK",
					"$(PROJECT_DIR)/ds-ios/ShareSDK/Extend/WeChatSDK",
				);
				PRODUCT_BUNDLE_IDENTIFIER = "me.doushi.ds-ios";
				PRODUCT_NAME = "$(TARGET_NAME)";
				SWIFT_OBJC_BRIDGING_HEADER = "ds-ios/ds-ios-Bridging-Header.h";
				SWIFT_OPTIMIZATION_LEVEL = "-Onone";
			};
			name = Debug;
		};
		AB03C81E1BD6A09A00F0A37C /* Release */ = {
			isa = XCBuildConfiguration;
			baseConfigurationReference = A3510B5C718A38ECFC031E4E /* Pods.release.xcconfig */;
			buildSettings = {
				ASSETCATALOG_COMPILER_APPICON_NAME = AppIcon;
				CLANG_ENABLE_MODULES = YES;
				CODE_SIGN_IDENTITY = "iPhone Developer";
				FRAMEWORK_SEARCH_PATHS = (
					"$(inherited)",
					"$(PROJECT_DIR)/ds-ios/extends/GooglePlusSDK",
					"$(PROJECT_DIR)/ds-ios/extends/QQSDK",
					"$(PROJECT_DIR)/ds-ios/extends/RenRenSDK",
					"$(PROJECT_DIR)/ds-ios",
					"$(PROJECT_DIR)/ds-ios/ShareSDK/Connection",
					"$(PROJECT_DIR)/ds-ios/ShareSDK/Core",
					"$(PROJECT_DIR)/ds-ios/ShareSDK/Extend/QQConnectSDK",
					"$(PROJECT_DIR)/ds-ios/ShareSDK",
					"$(PROJECT_DIR)/ds-ios/ShareSDK/UI",
				);
				INFOPLIST_FILE = "ds-ios/Info.plist";
				LD_RUNPATH_SEARCH_PATHS = "$(inherited) @executable_path/Frameworks";
				LIBRARY_SEARCH_PATHS = (
					"$(inherited)",
					"$(PROJECT_DIR)/ds-ios/extends/SinaWeiboSDK",
					"$(PROJECT_DIR)/ds-ios/extends/WeChatSDK",
					"$(PROJECT_DIR)/ds-ios/ShareSDK/Extend/SinaWeiboSDK",
					"$(PROJECT_DIR)/ds-ios/ShareSDK/Extend/WeChatSDK",
				);
				PRODUCT_BUNDLE_IDENTIFIER = "me.doushi.ds-ios";
				PRODUCT_NAME = "$(TARGET_NAME)";
				SWIFT_OBJC_BRIDGING_HEADER = "ds-ios/ds-ios-Bridging-Header.h";
			};
			name = Release;
		};
/* End XCBuildConfiguration section */

/* Begin XCConfigurationList section */
		AB03C8021BD6A09A00F0A37C /* Build configuration list for PBXProject "ds-ios" */ = {
			isa = XCConfigurationList;
			buildConfigurations = (
				AB03C81A1BD6A09A00F0A37C /* Debug */,
				AB03C81B1BD6A09A00F0A37C /* Release */,
			);
			defaultConfigurationIsVisible = 0;
			defaultConfigurationName = Release;
		};
		AB03C81C1BD6A09A00F0A37C /* Build configuration list for PBXNativeTarget "ds-ios" */ = {
			isa = XCConfigurationList;
			buildConfigurations = (
				AB03C81D1BD6A09A00F0A37C /* Debug */,
				AB03C81E1BD6A09A00F0A37C /* Release */,
			);
			defaultConfigurationIsVisible = 0;
			defaultConfigurationName = Release;
		};
/* End XCConfigurationList section */

/* Begin XCVersionGroup section */
		AB03C8111BD6A09A00F0A37C /* ds_ios.xcdatamodeld */ = {
			isa = XCVersionGroup;
			children = (
				AB03C8121BD6A09A00F0A37C /* ds_ios.xcdatamodel */,
			);
			currentVersion = AB03C8121BD6A09A00F0A37C /* ds_ios.xcdatamodel */;
			path = ds_ios.xcdatamodeld;
			sourceTree = "<group>";
			versionGroupType = wrapper.xcdatamodel;
		};
/* End XCVersionGroup section */
	};
	rootObject = AB03C7FF1BD6A09A00F0A37C /* Project object */;
}
