// !$*UTF8*$!
{
	archiveVersion = 1;
	classes = {
	};
	objectVersion = 46;
	objects = {

/* Begin PBXBuildFile section */
		4D27B1C84096D8EC738422AE /* Pods.framework in Frameworks */ = {isa = PBXBuildFile; fileRef = D9C98F2E301BB341C3C310AC /* Pods.framework */; };
		AB03C80B1BD6A09A00F0A37C /* AppDelegate.swift in Sources */ = {isa = PBXBuildFile; fileRef = AB03C80A1BD6A09A00F0A37C /* AppDelegate.swift */; };
		AB03C80D1BD6A09A00F0A37C /* ViewController.swift in Sources */ = {isa = PBXBuildFile; fileRef = AB03C80C1BD6A09A00F0A37C /* ViewController.swift */; };
		AB03C8101BD6A09A00F0A37C /* Main.storyboard in Resources */ = {isa = PBXBuildFile; fileRef = AB03C80E1BD6A09A00F0A37C /* Main.storyboard */; };
		AB03C8131BD6A09A00F0A37C /* ds_ios.xcdatamodeld in Sources */ = {isa = PBXBuildFile; fileRef = AB03C8111BD6A09A00F0A37C /* ds_ios.xcdatamodeld */; };
		AB03C8151BD6A09A00F0A37C /* Assets.xcassets in Resources */ = {isa = PBXBuildFile; fileRef = AB03C8141BD6A09A00F0A37C /* Assets.xcassets */; };
		AB03C8181BD6A09A00F0A37C /* LaunchScreen.storyboard in Resources */ = {isa = PBXBuildFile; fileRef = AB03C8161BD6A09A00F0A37C /* LaunchScreen.storyboard */; };
		AB03E0361BDA3225000F8D6C /* AVKit.framework in Frameworks */ = {isa = PBXBuildFile; fileRef = AB03E0351BDA3225000F8D6C /* AVKit.framework */; };
		AB0C68041BFD855100FA9261 /* DOFavoriteButton.swift in Sources */ = {isa = PBXBuildFile; fileRef = AB0C68031BFD855100FA9261 /* DOFavoriteButton.swift */; };
		AB0C681D1BFEDA2B00FA9261 /* UMSCommentDetailController.xib in Resources */ = {isa = PBXBuildFile; fileRef = AB0C68151BFEDA2B00FA9261 /* UMSCommentDetailController.xib */; };
		AB0C681E1BFEDA2B00FA9261 /* UMSCommentInputController.xib in Resources */ = {isa = PBXBuildFile; fileRef = AB0C68161BFEDA2B00FA9261 /* UMSCommentInputController.xib */; };
		AB0C681F1BFEDA2B00FA9261 /* UMSCommentInputControlleriPad.xib in Resources */ = {isa = PBXBuildFile; fileRef = AB0C68171BFEDA2B00FA9261 /* UMSCommentInputControlleriPad.xib */; };
		AB0C68201BFEDA2B00FA9261 /* UMShareEditViewController.xib in Resources */ = {isa = PBXBuildFile; fileRef = AB0C68181BFEDA2B00FA9261 /* UMShareEditViewController.xib */; };
		AB0C68211BFEDA2B00FA9261 /* UMShareEditViewControlleriPad.xib in Resources */ = {isa = PBXBuildFile; fileRef = AB0C68191BFEDA2B00FA9261 /* UMShareEditViewControlleriPad.xib */; };
		AB0C68221BFEDA2B00FA9261 /* UMSLoginViewController.xib in Resources */ = {isa = PBXBuildFile; fileRef = AB0C681A1BFEDA2B00FA9261 /* UMSLoginViewController.xib */; };
		AB0C68231BFEDA2B00FA9261 /* UMSnsAccountViewController.xib in Resources */ = {isa = PBXBuildFile; fileRef = AB0C681B1BFEDA2B00FA9261 /* UMSnsAccountViewController.xib */; };
		AB0C68241BFEDA2B00FA9261 /* UMSShareListController.xib in Resources */ = {isa = PBXBuildFile; fileRef = AB0C681C1BFEDA2B00FA9261 /* UMSShareListController.xib */; };
		AB0C68271BFF124F00FA9261 /* SendVideoViewController.swift in Sources */ = {isa = PBXBuildFile; fileRef = AB0C68261BFF124E00FA9261 /* SendVideoViewController.swift */; };
		AB0C682A1BFF127600FA9261 /* SendVideo.storyboard in Resources */ = {isa = PBXBuildFile; fileRef = AB0C68281BFF127600FA9261 /* SendVideo.storyboard */; };
		AB0CA1531BE5B9E700134F1E /* SimpleButton.swift in Sources */ = {isa = PBXBuildFile; fileRef = AB0CA1521BE5B9E700134F1E /* SimpleButton.swift */; };
		AB0CA1551BE5BA8200134F1E /* CustomButtons.swift in Sources */ = {isa = PBXBuildFile; fileRef = AB0CA1541BE5BA8200134F1E /* CustomButtons.swift */; };
		AB0CA1571BE60C3D00134F1E /* LoginViewController.swift in Sources */ = {isa = PBXBuildFile; fileRef = AB0CA1561BE60C3D00134F1E /* LoginViewController.swift */; };
		AB1493F41BD72901004A9F43 /* FindMainTableViewController.swift in Sources */ = {isa = PBXBuildFile; fileRef = AB1493F31BD72901004A9F43 /* FindMainTableViewController.swift */; };
		AB1493F61BD72A60004A9F43 /* FindTableViewCell.swift in Sources */ = {isa = PBXBuildFile; fileRef = AB1493F51BD72A60004A9F43 /* FindTableViewCell.swift */; };
		AB1494081BD74721004A9F43 /* PeriscopyNavBarExtension.swift in Sources */ = {isa = PBXBuildFile; fileRef = AB1494061BD74721004A9F43 /* PeriscopyNavBarExtension.swift */; };
		AB1494091BD74721004A9F43 /* PeriscopyTitleView.swift in Sources */ = {isa = PBXBuildFile; fileRef = AB1494071BD74721004A9F43 /* PeriscopyTitleView.swift */; };
		AB2CBAA81BDB67C200EE0672 /* PlayVideoInfoViewController.swift in Sources */ = {isa = PBXBuildFile; fileRef = AB2CBAA71BDB67C200EE0672 /* PlayVideoInfoViewController.swift */; };
		AB2CBAAA1BDB680000EE0672 /* PlayVideoCommentTableViewController.swift in Sources */ = {isa = PBXBuildFile; fileRef = AB2CBAA91BDB680000EE0672 /* PlayVideoCommentTableViewController.swift */; };
		AB2CBAAC1BDB68D200EE0672 /* PlayVideoRecommendTableViewController.swift in Sources */ = {isa = PBXBuildFile; fileRef = AB2CBAAB1BDB68D200EE0672 /* PlayVideoRecommendTableViewController.swift */; };
		AB2ED0491BE37261002CE2E2 /* MyMainTableViewController.swift in Sources */ = {isa = PBXBuildFile; fileRef = AB2ED0481BE37261002CE2E2 /* MyMainTableViewController.swift */; };
		AB2EF2DD1BE22C69008E96CC /* SnapKit.swift in Sources */ = {isa = PBXBuildFile; fileRef = AB2EF2D01BE22C69008E96CC /* SnapKit.swift */; };
		AB2EF2DE1BE22C69008E96CC /* Constraint.swift in Sources */ = {isa = PBXBuildFile; fileRef = AB2EF2D11BE22C69008E96CC /* Constraint.swift */; };
		AB2EF2DF1BE22C69008E96CC /* ConstraintDescription.swift in Sources */ = {isa = PBXBuildFile; fileRef = AB2EF2D21BE22C69008E96CC /* ConstraintDescription.swift */; };
		AB2EF2E01BE22C69008E96CC /* ConstraintMaker.swift in Sources */ = {isa = PBXBuildFile; fileRef = AB2EF2D31BE22C69008E96CC /* ConstraintMaker.swift */; };
		AB2EF2E11BE22C69008E96CC /* View+SnapKit.swift in Sources */ = {isa = PBXBuildFile; fileRef = AB2EF2D41BE22C69008E96CC /* View+SnapKit.swift */; };
		AB2EF2E21BE22C69008E96CC /* ViewController+SnapKit.swift in Sources */ = {isa = PBXBuildFile; fileRef = AB2EF2D51BE22C69008E96CC /* ViewController+SnapKit.swift */; };
		AB2EF2E31BE22C69008E96CC /* ConstraintItem.swift in Sources */ = {isa = PBXBuildFile; fileRef = AB2EF2D61BE22C69008E96CC /* ConstraintItem.swift */; };
		AB2EF2E41BE22C69008E96CC /* EdgeInsets.swift in Sources */ = {isa = PBXBuildFile; fileRef = AB2EF2D71BE22C69008E96CC /* EdgeInsets.swift */; };
		AB2EF2E51BE22C69008E96CC /* LayoutConstraint.swift in Sources */ = {isa = PBXBuildFile; fileRef = AB2EF2D81BE22C69008E96CC /* LayoutConstraint.swift */; };
		AB2EF2E61BE22C69008E96CC /* Debugging.swift in Sources */ = {isa = PBXBuildFile; fileRef = AB2EF2D91BE22C69008E96CC /* Debugging.swift */; };
		AB2EF2E71BE22C69008E96CC /* ConstraintRelation.swift in Sources */ = {isa = PBXBuildFile; fileRef = AB2EF2DA1BE22C69008E96CC /* ConstraintRelation.swift */; };
		AB2EF2E81BE22C69008E96CC /* ConstraintAttributes.swift in Sources */ = {isa = PBXBuildFile; fileRef = AB2EF2DB1BE22C69008E96CC /* ConstraintAttributes.swift */; };
		AB2EF2E91BE22C69008E96CC /* SourceLocation.swift in Sources */ = {isa = PBXBuildFile; fileRef = AB2EF2DC1BE22C69008E96CC /* SourceLocation.swift */; };
		AB3263DD1BE8AB3F0099D02D /* ImageIO.framework in Frameworks */ = {isa = PBXBuildFile; fileRef = AB3263DC1BE8AB3F0099D02D /* ImageIO.framework */; };
		AB3263E11BE8AE530099D02D /* libstdc++.tbd in Frameworks */ = {isa = PBXBuildFile; fileRef = AB3263E01BE8AE530099D02D /* libstdc++.tbd */; };
		AB3263E71BE8AE960099D02D /* libicucore.tbd in Frameworks */ = {isa = PBXBuildFile; fileRef = AB3263E61BE8AE960099D02D /* libicucore.tbd */; };
		AB3263E91BE8AEA10099D02D /* libz.1.2.5.tbd in Frameworks */ = {isa = PBXBuildFile; fileRef = AB3263E81BE8AEA10099D02D /* libz.1.2.5.tbd */; };
		AB3263ED1BE8AEB60099D02D /* JavaScriptCore.framework in Frameworks */ = {isa = PBXBuildFile; fileRef = AB3263EC1BE8AEB60099D02D /* JavaScriptCore.framework */; };
		AB3263EF1BE8AEC90099D02D /* CoreText.framework in Frameworks */ = {isa = PBXBuildFile; fileRef = AB3263EE1BE8AEC90099D02D /* CoreText.framework */; };
		AB3263F21BE8AEDE0099D02D /* libsqlite3.tbd in Frameworks */ = {isa = PBXBuildFile; fileRef = AB3263DE1BE8AB500099D02D /* libsqlite3.tbd */; };
		AB3263F41BE8AEE80099D02D /* MessageUI.framework in Frameworks */ = {isa = PBXBuildFile; fileRef = AB3263F31BE8AEE80099D02D /* MessageUI.framework */; };
		AB3264871BEB8FD80099D02D /* HotAppViewController.swift in Sources */ = {isa = PBXBuildFile; fileRef = AB3264861BEB8FD80099D02D /* HotAppViewController.swift */; };
		AB3264C61BEBB0110099D02D /* SystemConfiguration.framework in Frameworks */ = {isa = PBXBuildFile; fileRef = AB3263E21BE8AE7D0099D02D /* SystemConfiguration.framework */; };
		AB3264C71BEBB9AA0099D02D /* CoreTelephony.framework in Frameworks */ = {isa = PBXBuildFile; fileRef = AB3263E41BE8AE890099D02D /* CoreTelephony.framework */; };
		AB3509AB1BF60840003C27D2 /* StoreKit.framework in Frameworks */ = {isa = PBXBuildFile; fileRef = AB58EFCD1BD6A89F00E2B428 /* StoreKit.framework */; };
		AB3509AF1BF6B820003C27D2 /* libUMessage_Sdk_1.2.0.a in Frameworks */ = {isa = PBXBuildFile; fileRef = AB3509AD1BF6B820003C27D2 /* libUMessage_Sdk_1.2.0.a */; };
		AB42A0B51BF9A4B800A2162E /* Constants.swift in Sources */ = {isa = PBXBuildFile; fileRef = AB42A0B41BF9A4B800A2162E /* Constants.swift */; };
		AB46FBBF1BD927AE001C3C42 /* Home.storyboard in Resources */ = {isa = PBXBuildFile; fileRef = AB46FBBD1BD927AE001C3C42 /* Home.storyboard */; };
		AB46FBC21BD927CE001C3C42 /* Find.storyboard in Resources */ = {isa = PBXBuildFile; fileRef = AB46FBC01BD927CE001C3C42 /* Find.storyboard */; };
		AB46FBC51BD92811001C3C42 /* Play.storyboard in Resources */ = {isa = PBXBuildFile; fileRef = AB46FBC31BD92811001C3C42 /* Play.storyboard */; };
		AB50ADF71BF5F243008A1819 /* UMSocialLocalizable.strings in Resources */ = {isa = PBXBuildFile; fileRef = AB50ADD51BF5F243008A1819 /* UMSocialLocalizable.strings */; };
		AB50ADF81BF5F243008A1819 /* libUMSocial_Sdk_4.3.a in Frameworks */ = {isa = PBXBuildFile; fileRef = AB50ADE31BF5F243008A1819 /* libUMSocial_Sdk_4.3.a */; };
		AB50ADF91BF5F243008A1819 /* libUMSocial_Sdk_Comment_4.3.a in Frameworks */ = {isa = PBXBuildFile; fileRef = AB50ADE41BF5F243008A1819 /* libUMSocial_Sdk_Comment_4.3.a */; };
		AB50ADFA1BF5F243008A1819 /* libSocialSina.a in Frameworks */ = {isa = PBXBuildFile; fileRef = AB50ADE81BF5F243008A1819 /* libSocialSina.a */; };
		AB50ADFB1BF5F243008A1819 /* libSocialQQ.a in Frameworks */ = {isa = PBXBuildFile; fileRef = AB50ADEB1BF5F243008A1819 /* libSocialQQ.a */; };
		AB50ADFC1BF5F243008A1819 /* TencentOpenAPI.framework in Frameworks */ = {isa = PBXBuildFile; fileRef = AB50ADEC1BF5F243008A1819 /* TencentOpenAPI.framework */; };
		AB50ADFD1BF5F243008A1819 /* TencentOpenApi_IOS_Bundle.bundle in Resources */ = {isa = PBXBuildFile; fileRef = AB50ADED1BF5F243008A1819 /* TencentOpenApi_IOS_Bundle.bundle */; };
		AB50ADFE1BF5F243008A1819 /* libSocialWechat.a in Frameworks */ = {isa = PBXBuildFile; fileRef = AB50ADF01BF5F243008A1819 /* libSocialWechat.a */; };
		AB50ADFF1BF5F243008A1819 /* libWeChatSDK.a in Frameworks */ = {isa = PBXBuildFile; fileRef = AB50ADF11BF5F243008A1819 /* libWeChatSDK.a */; };
		AB50AE001BF5F243008A1819 /* UMSocialSDKResourcesNew.bundle in Resources */ = {isa = PBXBuildFile; fileRef = AB50ADF51BF5F243008A1819 /* UMSocialSDKResourcesNew.bundle */; };
		AB58EF8C1BD6A19A00E2B428 /* CAPSPageMenu.swift in Sources */ = {isa = PBXBuildFile; fileRef = AB58EF801BD6A19A00E2B428 /* CAPSPageMenu.swift */; };
		AB58EF8F1BD6A19A00E2B428 /* HomeViewController.swift in Sources */ = {isa = PBXBuildFile; fileRef = AB58EF831BD6A19A00E2B428 /* HomeViewController.swift */; };
		AB58EF901BD6A19A00E2B428 /* HttpClient.swift in Sources */ = {isa = PBXBuildFile; fileRef = AB58EF841BD6A19A00E2B428 /* HttpClient.swift */; };
		AB58EF921BD6A19A00E2B428 /* PlayVideoViewController.swift in Sources */ = {isa = PBXBuildFile; fileRef = AB58EF861BD6A19A00E2B428 /* PlayVideoViewController.swift */; };
		AB58EF941BD6A19A00E2B428 /* UIColor-Extension.swift in Sources */ = {isa = PBXBuildFile; fileRef = AB58EF881BD6A19A00E2B428 /* UIColor-Extension.swift */; };
		AB58EF951BD6A19A00E2B428 /* UIViewController-Extension.swift in Sources */ = {isa = PBXBuildFile; fileRef = AB58EF891BD6A19A00E2B428 /* UIViewController-Extension.swift */; };
		AB58EF961BD6A19A00E2B428 /* VideoInfo.swift in Sources */ = {isa = PBXBuildFile; fileRef = AB58EF8A1BD6A19A00E2B428 /* VideoInfo.swift */; };
		AB58EF971BD6A19A00E2B428 /* VideoTableViewCell.swift in Sources */ = {isa = PBXBuildFile; fileRef = AB58EF8B1BD6A19A00E2B428 /* VideoTableViewCell.swift */; };
		AB58EFB81BD6A41A00E2B428 /* kr-video-player-close@2x.png in Resources */ = {isa = PBXBuildFile; fileRef = AB58EFA61BD6A41A00E2B428 /* kr-video-player-close@2x.png */; };
		AB58EFB91BD6A41A00E2B428 /* kr-video-player-close@3x.png in Resources */ = {isa = PBXBuildFile; fileRef = AB58EFA71BD6A41A00E2B428 /* kr-video-player-close@3x.png */; };
		AB58EFBA1BD6A41A00E2B428 /* kr-video-player-fullscreen@2x.png in Resources */ = {isa = PBXBuildFile; fileRef = AB58EFA81BD6A41A00E2B428 /* kr-video-player-fullscreen@2x.png */; };
		AB58EFBB1BD6A41A00E2B428 /* kr-video-player-fullscreen@3x.png in Resources */ = {isa = PBXBuildFile; fileRef = AB58EFA91BD6A41A00E2B428 /* kr-video-player-fullscreen@3x.png */; };
		AB58EFBC1BD6A41A00E2B428 /* kr-video-player-pause@2x.png in Resources */ = {isa = PBXBuildFile; fileRef = AB58EFAA1BD6A41A00E2B428 /* kr-video-player-pause@2x.png */; };
		AB58EFBD1BD6A41A00E2B428 /* kr-video-player-pause@3x.png in Resources */ = {isa = PBXBuildFile; fileRef = AB58EFAB1BD6A41A00E2B428 /* kr-video-player-pause@3x.png */; };
		AB58EFBE1BD6A41A00E2B428 /* kr-video-player-play@2x.png in Resources */ = {isa = PBXBuildFile; fileRef = AB58EFAC1BD6A41A00E2B428 /* kr-video-player-play@2x.png */; };
		AB58EFBF1BD6A41A00E2B428 /* kr-video-player-play@3x.png in Resources */ = {isa = PBXBuildFile; fileRef = AB58EFAD1BD6A41A00E2B428 /* kr-video-player-play@3x.png */; };
		AB58EFC01BD6A41A00E2B428 /* kr-video-player-point@2x.png in Resources */ = {isa = PBXBuildFile; fileRef = AB58EFAE1BD6A41A00E2B428 /* kr-video-player-point@2x.png */; };
		AB58EFC11BD6A41A00E2B428 /* kr-video-player-point@3x.png in Resources */ = {isa = PBXBuildFile; fileRef = AB58EFAF1BD6A41A00E2B428 /* kr-video-player-point@3x.png */; };
		AB58EFC21BD6A41A00E2B428 /* kr-video-player-shrinkscreen@2x.png in Resources */ = {isa = PBXBuildFile; fileRef = AB58EFB01BD6A41A00E2B428 /* kr-video-player-shrinkscreen@2x.png */; };
		AB58EFC31BD6A41A00E2B428 /* kr-video-player-shrinkscreen@3x.png in Resources */ = {isa = PBXBuildFile; fileRef = AB58EFB11BD6A41A00E2B428 /* kr-video-player-shrinkscreen@3x.png */; };
		AB58EFC41BD6A41A00E2B428 /* KrVideoPlayerController.m in Sources */ = {isa = PBXBuildFile; fileRef = AB58EFB41BD6A41A00E2B428 /* KrVideoPlayerController.m */; };
		AB58EFC51BD6A41A00E2B428 /* KrVideoPlayerControlView.m in Sources */ = {isa = PBXBuildFile; fileRef = AB58EFB61BD6A41A00E2B428 /* KrVideoPlayerControlView.m */; };
		AB58EFCA1BD6A51800E2B428 /* MapKit.framework in Frameworks */ = {isa = PBXBuildFile; fileRef = AB58EFC91BD6A51800E2B428 /* MapKit.framework */; };
		AB76C6A11BEF09140002F138 /* User.swift in Sources */ = {isa = PBXBuildFile; fileRef = AB76C6A01BEF09140002F138 /* User.swift */; };
		AB853CC11BFB29E600695616 /* TableViewController-Extension.swift in Sources */ = {isa = PBXBuildFile; fileRef = AB853CC01BFB29E600695616 /* TableViewController-Extension.swift */; };
		ABA09EF21BE4C34D009C8A85 /* MainTabBarViewController.swift in Sources */ = {isa = PBXBuildFile; fileRef = ABA09EF11BE4C34D009C8A85 /* MainTabBarViewController.swift */; };
		ABC3FBE01BD93390003300C9 /* RoundImageViewPro.swift in Sources */ = {isa = PBXBuildFile; fileRef = ABC3FBDF1BD93390003300C9 /* RoundImageViewPro.swift */; };
		ABC4B5821BF7708C00B2CC24 /* libz.tbd in Frameworks */ = {isa = PBXBuildFile; fileRef = AB3264841BEB8E860099D02D /* libz.tbd */; };
		ABCF395B1BDF6D0E00C18508 /* VideoTableViewController.swift in Sources */ = {isa = PBXBuildFile; fileRef = ABCF395A1BDF6D0E00C18508 /* VideoTableViewController.swift */; };
		ABCF395D1BDF6F6C00C18508 /* DSHttpClient.swift in Sources */ = {isa = PBXBuildFile; fileRef = ABCF395C1BDF6F6C00C18508 /* DSHttpClient.swift */; };
		ABCF39601BE07E9D00C18508 /* My.storyboard in Resources */ = {isa = PBXBuildFile; fileRef = ABCF395E1BE07E9D00C18508 /* My.storyboard */; };
		ABDA830B1BFC653600BBAF74 /* UserFavorite.swift in Sources */ = {isa = PBXBuildFile; fileRef = ABDA830A1BFC653600BBAF74 /* UserFavorite.swift */; };
		ABDA830D1BFC72D300BBAF74 /* ResponseEntity.swift in Sources */ = {isa = PBXBuildFile; fileRef = ABDA830C1BFC72D300BBAF74 /* ResponseEntity.swift */; };
		ABDA830F1BFC809900BBAF74 /* MyUserFavoriteTableViewController.swift in Sources */ = {isa = PBXBuildFile; fileRef = ABDA830E1BFC809900BBAF74 /* MyUserFavoriteTableViewController.swift */; };
		ABE114991BF0A64E00027708 /* MobileCoreServices.framework in Frameworks */ = {isa = PBXBuildFile; fileRef = ABE114981BF0A64E00027708 /* MobileCoreServices.framework */; };
		ABE6843B1BED92CF004B2BBD /* SMS_SDKLocalizable.strings in Resources */ = {isa = PBXBuildFile; fileRef = ABE684361BED92CF004B2BBD /* SMS_SDKLocalizable.strings */; };
		ABE6843C1BED92CF004B2BBD /* MOBFoundation.framework in Frameworks */ = {isa = PBXBuildFile; fileRef = ABE684381BED92CF004B2BBD /* MOBFoundation.framework */; };
		ABE6843D1BED92CF004B2BBD /* SMS_SDK.framework in Frameworks */ = {isa = PBXBuildFile; fileRef = ABE684391BED92CF004B2BBD /* SMS_SDK.framework */; };
		ABE6843F1BED95AB004B2BBD /* RegisterUserViewController.swift in Sources */ = {isa = PBXBuildFile; fileRef = ABE6843E1BED95AB004B2BBD /* RegisterUserViewController.swift */; };
		ABF6AEE51BE0D42800448D75 /* UIImage+ImageEffects.m in Sources */ = {isa = PBXBuildFile; fileRef = ABF6AEE21BE0D42800448D75 /* UIImage+ImageEffects.m */; };
		ABF6AEE61BE0D42800448D75 /* ParallaxHeaderView.m in Sources */ = {isa = PBXBuildFile; fileRef = ABF6AEE41BE0D42800448D75 /* ParallaxHeaderView.m */; };
/* End PBXBuildFile section */

/* Begin PBXFileReference section */
		2343D262913AFB4AC2BFBF5C /* Pods.debug.xcconfig */ = {isa = PBXFileReference; includeInIndex = 1; lastKnownFileType = text.xcconfig; name = Pods.debug.xcconfig; path = "Pods/Target Support Files/Pods/Pods.debug.xcconfig"; sourceTree = "<group>"; };
		A3510B5C718A38ECFC031E4E /* Pods.release.xcconfig */ = {isa = PBXFileReference; includeInIndex = 1; lastKnownFileType = text.xcconfig; name = Pods.release.xcconfig; path = "Pods/Target Support Files/Pods/Pods.release.xcconfig"; sourceTree = "<group>"; };
		AB03C8071BD6A09A00F0A37C /* ds-ios.app */ = {isa = PBXFileReference; explicitFileType = wrapper.application; includeInIndex = 0; path = "ds-ios.app"; sourceTree = BUILT_PRODUCTS_DIR; };
		AB03C80A1BD6A09A00F0A37C /* AppDelegate.swift */ = {isa = PBXFileReference; lastKnownFileType = sourcecode.swift; path = AppDelegate.swift; sourceTree = "<group>"; };
		AB03C80C1BD6A09A00F0A37C /* ViewController.swift */ = {isa = PBXFileReference; lastKnownFileType = sourcecode.swift; path = ViewController.swift; sourceTree = "<group>"; };
		AB03C80F1BD6A09A00F0A37C /* Base */ = {isa = PBXFileReference; lastKnownFileType = file.storyboard; name = Base; path = Base.lproj/Main.storyboard; sourceTree = "<group>"; };
		AB03C8121BD6A09A00F0A37C /* ds_ios.xcdatamodel */ = {isa = PBXFileReference; lastKnownFileType = wrapper.xcdatamodel; path = ds_ios.xcdatamodel; sourceTree = "<group>"; };
		AB03C8141BD6A09A00F0A37C /* Assets.xcassets */ = {isa = PBXFileReference; lastKnownFileType = folder.assetcatalog; path = Assets.xcassets; sourceTree = "<group>"; };
		AB03C8171BD6A09A00F0A37C /* Base */ = {isa = PBXFileReference; lastKnownFileType = file.storyboard; name = Base; path = Base.lproj/LaunchScreen.storyboard; sourceTree = "<group>"; };
		AB03C8191BD6A09A00F0A37C /* Info.plist */ = {isa = PBXFileReference; lastKnownFileType = text.plist.xml; path = Info.plist; sourceTree = "<group>"; };
		AB03E0351BDA3225000F8D6C /* AVKit.framework */ = {isa = PBXFileReference; lastKnownFileType = wrapper.framework; name = AVKit.framework; path = System/Library/Frameworks/AVKit.framework; sourceTree = SDKROOT; };
		AB0C68031BFD855100FA9261 /* DOFavoriteButton.swift */ = {isa = PBXFileReference; fileEncoding = 4; lastKnownFileType = sourcecode.swift; path = DOFavoriteButton.swift; sourceTree = "<group>"; };
		AB0C68151BFEDA2B00FA9261 /* UMSCommentDetailController.xib */ = {isa = PBXFileReference; fileEncoding = 4; lastKnownFileType = file.xib; path = UMSCommentDetailController.xib; sourceTree = "<group>"; };
		AB0C68161BFEDA2B00FA9261 /* UMSCommentInputController.xib */ = {isa = PBXFileReference; fileEncoding = 4; lastKnownFileType = file.xib; path = UMSCommentInputController.xib; sourceTree = "<group>"; };
		AB0C68171BFEDA2B00FA9261 /* UMSCommentInputControlleriPad.xib */ = {isa = PBXFileReference; fileEncoding = 4; lastKnownFileType = file.xib; path = UMSCommentInputControlleriPad.xib; sourceTree = "<group>"; };
		AB0C68181BFEDA2B00FA9261 /* UMShareEditViewController.xib */ = {isa = PBXFileReference; fileEncoding = 4; lastKnownFileType = file.xib; path = UMShareEditViewController.xib; sourceTree = "<group>"; };
		AB0C68191BFEDA2B00FA9261 /* UMShareEditViewControlleriPad.xib */ = {isa = PBXFileReference; fileEncoding = 4; lastKnownFileType = file.xib; path = UMShareEditViewControlleriPad.xib; sourceTree = "<group>"; };
		AB0C681A1BFEDA2B00FA9261 /* UMSLoginViewController.xib */ = {isa = PBXFileReference; fileEncoding = 4; lastKnownFileType = file.xib; path = UMSLoginViewController.xib; sourceTree = "<group>"; };
		AB0C681B1BFEDA2B00FA9261 /* UMSnsAccountViewController.xib */ = {isa = PBXFileReference; fileEncoding = 4; lastKnownFileType = file.xib; path = UMSnsAccountViewController.xib; sourceTree = "<group>"; };
		AB0C681C1BFEDA2B00FA9261 /* UMSShareListController.xib */ = {isa = PBXFileReference; fileEncoding = 4; lastKnownFileType = file.xib; path = UMSShareListController.xib; sourceTree = "<group>"; };
		AB0C68261BFF124E00FA9261 /* SendVideoViewController.swift */ = {isa = PBXFileReference; fileEncoding = 4; lastKnownFileType = sourcecode.swift; path = SendVideoViewController.swift; sourceTree = "<group>"; };
		AB0C68291BFF127600FA9261 /* Base */ = {isa = PBXFileReference; lastKnownFileType = file.storyboard; name = Base; path = Base.lproj/SendVideo.storyboard; sourceTree = "<group>"; };
		AB0CA1521BE5B9E700134F1E /* SimpleButton.swift */ = {isa = PBXFileReference; fileEncoding = 4; lastKnownFileType = sourcecode.swift; path = SimpleButton.swift; sourceTree = "<group>"; };
		AB0CA1541BE5BA8200134F1E /* CustomButtons.swift */ = {isa = PBXFileReference; fileEncoding = 4; lastKnownFileType = sourcecode.swift; path = CustomButtons.swift; sourceTree = "<group>"; };
		AB0CA1561BE60C3D00134F1E /* LoginViewController.swift */ = {isa = PBXFileReference; fileEncoding = 4; lastKnownFileType = sourcecode.swift; path = LoginViewController.swift; sourceTree = "<group>"; };
		AB1493F31BD72901004A9F43 /* FindMainTableViewController.swift */ = {isa = PBXFileReference; fileEncoding = 4; lastKnownFileType = sourcecode.swift; path = FindMainTableViewController.swift; sourceTree = "<group>"; };
		AB1493F51BD72A60004A9F43 /* FindTableViewCell.swift */ = {isa = PBXFileReference; fileEncoding = 4; lastKnownFileType = sourcecode.swift; path = FindTableViewCell.swift; sourceTree = "<group>"; };
		AB1494061BD74721004A9F43 /* PeriscopyNavBarExtension.swift */ = {isa = PBXFileReference; fileEncoding = 4; lastKnownFileType = sourcecode.swift; path = PeriscopyNavBarExtension.swift; sourceTree = "<group>"; };
		AB1494071BD74721004A9F43 /* PeriscopyTitleView.swift */ = {isa = PBXFileReference; fileEncoding = 4; lastKnownFileType = sourcecode.swift; path = PeriscopyTitleView.swift; sourceTree = "<group>"; };
		AB2CBAA71BDB67C200EE0672 /* PlayVideoInfoViewController.swift */ = {isa = PBXFileReference; fileEncoding = 4; lastKnownFileType = sourcecode.swift; path = PlayVideoInfoViewController.swift; sourceTree = "<group>"; };
		AB2CBAA91BDB680000EE0672 /* PlayVideoCommentTableViewController.swift */ = {isa = PBXFileReference; fileEncoding = 4; lastKnownFileType = sourcecode.swift; path = PlayVideoCommentTableViewController.swift; sourceTree = "<group>"; };
		AB2CBAAB1BDB68D200EE0672 /* PlayVideoRecommendTableViewController.swift */ = {isa = PBXFileReference; fileEncoding = 4; lastKnownFileType = sourcecode.swift; path = PlayVideoRecommendTableViewController.swift; sourceTree = "<group>"; };
		AB2ED0481BE37261002CE2E2 /* MyMainTableViewController.swift */ = {isa = PBXFileReference; fileEncoding = 4; lastKnownFileType = sourcecode.swift; path = MyMainTableViewController.swift; sourceTree = "<group>"; };
		AB2EF2CC1BE22BF7008E96CC /* SnapKit.framework */ = {isa = PBXFileReference; lastKnownFileType = wrapper.framework; name = SnapKit.framework; path = ../../../../../../Desktop/SnapKit.framework; sourceTree = "<group>"; };
		AB2EF2CF1BE22C69008E96CC /* SnapKit.h */ = {isa = PBXFileReference; fileEncoding = 4; lastKnownFileType = sourcecode.c.h; path = SnapKit.h; sourceTree = "<group>"; };
		AB2EF2D01BE22C69008E96CC /* SnapKit.swift */ = {isa = PBXFileReference; fileEncoding = 4; lastKnownFileType = sourcecode.swift; path = SnapKit.swift; sourceTree = "<group>"; };
		AB2EF2D11BE22C69008E96CC /* Constraint.swift */ = {isa = PBXFileReference; fileEncoding = 4; lastKnownFileType = sourcecode.swift; path = Constraint.swift; sourceTree = "<group>"; };
		AB2EF2D21BE22C69008E96CC /* ConstraintDescription.swift */ = {isa = PBXFileReference; fileEncoding = 4; lastKnownFileType = sourcecode.swift; path = ConstraintDescription.swift; sourceTree = "<group>"; };
		AB2EF2D31BE22C69008E96CC /* ConstraintMaker.swift */ = {isa = PBXFileReference; fileEncoding = 4; lastKnownFileType = sourcecode.swift; path = ConstraintMaker.swift; sourceTree = "<group>"; };
		AB2EF2D41BE22C69008E96CC /* View+SnapKit.swift */ = {isa = PBXFileReference; fileEncoding = 4; lastKnownFileType = sourcecode.swift; path = "View+SnapKit.swift"; sourceTree = "<group>"; };
		AB2EF2D51BE22C69008E96CC /* ViewController+SnapKit.swift */ = {isa = PBXFileReference; fileEncoding = 4; lastKnownFileType = sourcecode.swift; path = "ViewController+SnapKit.swift"; sourceTree = "<group>"; };
		AB2EF2D61BE22C69008E96CC /* ConstraintItem.swift */ = {isa = PBXFileReference; fileEncoding = 4; lastKnownFileType = sourcecode.swift; path = ConstraintItem.swift; sourceTree = "<group>"; };
		AB2EF2D71BE22C69008E96CC /* EdgeInsets.swift */ = {isa = PBXFileReference; fileEncoding = 4; lastKnownFileType = sourcecode.swift; path = EdgeInsets.swift; sourceTree = "<group>"; };
		AB2EF2D81BE22C69008E96CC /* LayoutConstraint.swift */ = {isa = PBXFileReference; fileEncoding = 4; lastKnownFileType = sourcecode.swift; path = LayoutConstraint.swift; sourceTree = "<group>"; };
		AB2EF2D91BE22C69008E96CC /* Debugging.swift */ = {isa = PBXFileReference; fileEncoding = 4; lastKnownFileType = sourcecode.swift; path = Debugging.swift; sourceTree = "<group>"; };
		AB2EF2DA1BE22C69008E96CC /* ConstraintRelation.swift */ = {isa = PBXFileReference; fileEncoding = 4; lastKnownFileType = sourcecode.swift; path = ConstraintRelation.swift; sourceTree = "<group>"; };
		AB2EF2DB1BE22C69008E96CC /* ConstraintAttributes.swift */ = {isa = PBXFileReference; fileEncoding = 4; lastKnownFileType = sourcecode.swift; path = ConstraintAttributes.swift; sourceTree = "<group>"; };
		AB2EF2DC1BE22C69008E96CC /* SourceLocation.swift */ = {isa = PBXFileReference; fileEncoding = 4; lastKnownFileType = sourcecode.swift; path = SourceLocation.swift; sourceTree = "<group>"; };
		AB3263DC1BE8AB3F0099D02D /* ImageIO.framework */ = {isa = PBXFileReference; lastKnownFileType = wrapper.framework; name = ImageIO.framework; path = System/Library/Frameworks/ImageIO.framework; sourceTree = SDKROOT; };
		AB3263DE1BE8AB500099D02D /* libsqlite3.tbd */ = {isa = PBXFileReference; lastKnownFileType = "sourcecode.text-based-dylib-definition"; name = libsqlite3.tbd; path = usr/lib/libsqlite3.tbd; sourceTree = SDKROOT; };
		AB3263E01BE8AE530099D02D /* libstdc++.tbd */ = {isa = PBXFileReference; lastKnownFileType = "sourcecode.text-based-dylib-definition"; name = "libstdc++.tbd"; path = "usr/lib/libstdc++.tbd"; sourceTree = SDKROOT; };
		AB3263E21BE8AE7D0099D02D /* SystemConfiguration.framework */ = {isa = PBXFileReference; lastKnownFileType = wrapper.framework; name = SystemConfiguration.framework; path = System/Library/Frameworks/SystemConfiguration.framework; sourceTree = SDKROOT; };
		AB3263E41BE8AE890099D02D /* CoreTelephony.framework */ = {isa = PBXFileReference; lastKnownFileType = wrapper.framework; name = CoreTelephony.framework; path = System/Library/Frameworks/CoreTelephony.framework; sourceTree = SDKROOT; };
		AB3263E61BE8AE960099D02D /* libicucore.tbd */ = {isa = PBXFileReference; lastKnownFileType = "sourcecode.text-based-dylib-definition"; name = libicucore.tbd; path = usr/lib/libicucore.tbd; sourceTree = SDKROOT; };
		AB3263E81BE8AEA10099D02D /* libz.1.2.5.tbd */ = {isa = PBXFileReference; lastKnownFileType = "sourcecode.text-based-dylib-definition"; name = libz.1.2.5.tbd; path = usr/lib/libz.1.2.5.tbd; sourceTree = SDKROOT; };
		AB3263EA1BE8AEAB0099D02D /* Security.framework */ = {isa = PBXFileReference; lastKnownFileType = wrapper.framework; name = Security.framework; path = System/Library/Frameworks/Security.framework; sourceTree = SDKROOT; };
		AB3263EC1BE8AEB60099D02D /* JavaScriptCore.framework */ = {isa = PBXFileReference; lastKnownFileType = wrapper.framework; name = JavaScriptCore.framework; path = System/Library/Frameworks/JavaScriptCore.framework; sourceTree = SDKROOT; };
		AB3263EE1BE8AEC90099D02D /* CoreText.framework */ = {isa = PBXFileReference; lastKnownFileType = wrapper.framework; name = CoreText.framework; path = System/Library/Frameworks/CoreText.framework; sourceTree = SDKROOT; };
		AB3263F01BE8AED10099D02D /* AdSupport.framework */ = {isa = PBXFileReference; lastKnownFileType = wrapper.framework; name = AdSupport.framework; path = System/Library/Frameworks/AdSupport.framework; sourceTree = SDKROOT; };
		AB3263F31BE8AEE80099D02D /* MessageUI.framework */ = {isa = PBXFileReference; lastKnownFileType = wrapper.framework; name = MessageUI.framework; path = System/Library/Frameworks/MessageUI.framework; sourceTree = SDKROOT; };
		AB3264811BEB8E4E0099D02D /* CoreLocation.framework */ = {isa = PBXFileReference; lastKnownFileType = wrapper.framework; name = CoreLocation.framework; path = System/Library/Frameworks/CoreLocation.framework; sourceTree = SDKROOT; };
		AB3264841BEB8E860099D02D /* libz.tbd */ = {isa = PBXFileReference; lastKnownFileType = "sourcecode.text-based-dylib-definition"; name = libz.tbd; path = usr/lib/libz.tbd; sourceTree = SDKROOT; };
		AB3264861BEB8FD80099D02D /* HotAppViewController.swift */ = {isa = PBXFileReference; fileEncoding = 4; lastKnownFileType = sourcecode.swift; path = HotAppViewController.swift; sourceTree = "<group>"; };
		AB3509AD1BF6B820003C27D2 /* libUMessage_Sdk_1.2.0.a */ = {isa = PBXFileReference; lastKnownFileType = archive.ar; path = libUMessage_Sdk_1.2.0.a; sourceTree = "<group>"; };
		AB3509AE1BF6B820003C27D2 /* UMessage.h */ = {isa = PBXFileReference; fileEncoding = 4; lastKnownFileType = sourcecode.c.h; path = UMessage.h; sourceTree = "<group>"; };
		AB42A0B41BF9A4B800A2162E /* Constants.swift */ = {isa = PBXFileReference; fileEncoding = 4; lastKnownFileType = sourcecode.swift; path = Constants.swift; sourceTree = "<group>"; };
		AB46FBBE1BD927AE001C3C42 /* Base */ = {isa = PBXFileReference; lastKnownFileType = file.storyboard; name = Base; path = Base.lproj/Home.storyboard; sourceTree = "<group>"; };
		AB46FBC11BD927CE001C3C42 /* Base */ = {isa = PBXFileReference; lastKnownFileType = file.storyboard; name = Base; path = Base.lproj/Find.storyboard; sourceTree = "<group>"; };
		AB46FBC41BD92811001C3C42 /* Base */ = {isa = PBXFileReference; lastKnownFileType = file.storyboard; name = Base; path = Base.lproj/Play.storyboard; sourceTree = "<group>"; };
		AB50ADD61BF5F243008A1819 /* en */ = {isa = PBXFileReference; lastKnownFileType = text.plist.strings; name = en; path = en.lproj/UMSocialLocalizable.strings; sourceTree = "<group>"; };
		AB50ADD81BF5F243008A1819 /* UMSocial.h */ = {isa = PBXFileReference; fileEncoding = 4; lastKnownFileType = sourcecode.c.h; path = UMSocial.h; sourceTree = "<group>"; };
		AB50ADD91BF5F243008A1819 /* UMSocialAccountManager.h */ = {isa = PBXFileReference; fileEncoding = 4; lastKnownFileType = sourcecode.c.h; path = UMSocialAccountManager.h; sourceTree = "<group>"; };
		AB50ADDA1BF5F243008A1819 /* UMSocialBar.h */ = {isa = PBXFileReference; fileEncoding = 4; lastKnownFileType = sourcecode.c.h; path = UMSocialBar.h; sourceTree = "<group>"; };
		AB50ADDB1BF5F243008A1819 /* UMSocialConfig.h */ = {isa = PBXFileReference; fileEncoding = 4; lastKnownFileType = sourcecode.c.h; path = UMSocialConfig.h; sourceTree = "<group>"; };
		AB50ADDC1BF5F243008A1819 /* UMSocialControllerService.h */ = {isa = PBXFileReference; fileEncoding = 4; lastKnownFileType = sourcecode.c.h; path = UMSocialControllerService.h; sourceTree = "<group>"; };
		AB50ADDD1BF5F243008A1819 /* UMSocialControllerServiceComment.h */ = {isa = PBXFileReference; fileEncoding = 4; lastKnownFileType = sourcecode.c.h; path = UMSocialControllerServiceComment.h; sourceTree = "<group>"; };
		AB50ADDE1BF5F243008A1819 /* UMSocialData.h */ = {isa = PBXFileReference; fileEncoding = 4; lastKnownFileType = sourcecode.c.h; path = UMSocialData.h; sourceTree = "<group>"; };
		AB50ADDF1BF5F243008A1819 /* UMSocialDataService.h */ = {isa = PBXFileReference; fileEncoding = 4; lastKnownFileType = sourcecode.c.h; path = UMSocialDataService.h; sourceTree = "<group>"; };
		AB50ADE01BF5F243008A1819 /* UMSocialSnsData.h */ = {isa = PBXFileReference; fileEncoding = 4; lastKnownFileType = sourcecode.c.h; path = UMSocialSnsData.h; sourceTree = "<group>"; };
		AB50ADE11BF5F243008A1819 /* UMSocialSnsPlatformManager.h */ = {isa = PBXFileReference; fileEncoding = 4; lastKnownFileType = sourcecode.c.h; path = UMSocialSnsPlatformManager.h; sourceTree = "<group>"; };
		AB50ADE21BF5F243008A1819 /* UMSocialSnsService.h */ = {isa = PBXFileReference; fileEncoding = 4; lastKnownFileType = sourcecode.c.h; path = UMSocialSnsService.h; sourceTree = "<group>"; };
		AB50ADE31BF5F243008A1819 /* libUMSocial_Sdk_4.3.a */ = {isa = PBXFileReference; lastKnownFileType = archive.ar; path = libUMSocial_Sdk_4.3.a; sourceTree = "<group>"; };
		AB50ADE41BF5F243008A1819 /* libUMSocial_Sdk_Comment_4.3.a */ = {isa = PBXFileReference; lastKnownFileType = archive.ar; path = libUMSocial_Sdk_Comment_4.3.a; sourceTree = "<group>"; };
		AB50ADE81BF5F243008A1819 /* libSocialSina.a */ = {isa = PBXFileReference; lastKnownFileType = archive.ar; path = libSocialSina.a; sourceTree = "<group>"; };
		AB50ADE91BF5F243008A1819 /* UMSocialSinaHandler.h */ = {isa = PBXFileReference; fileEncoding = 4; lastKnownFileType = sourcecode.c.h; path = UMSocialSinaHandler.h; sourceTree = "<group>"; };
		AB50ADEB1BF5F243008A1819 /* libSocialQQ.a */ = {isa = PBXFileReference; lastKnownFileType = archive.ar; path = libSocialQQ.a; sourceTree = "<group>"; };
		AB50ADEC1BF5F243008A1819 /* TencentOpenAPI.framework */ = {isa = PBXFileReference; lastKnownFileType = wrapper.framework; path = TencentOpenAPI.framework; sourceTree = "<group>"; };
		AB50ADED1BF5F243008A1819 /* TencentOpenApi_IOS_Bundle.bundle */ = {isa = PBXFileReference; lastKnownFileType = "wrapper.plug-in"; path = TencentOpenApi_IOS_Bundle.bundle; sourceTree = "<group>"; };
		AB50ADEE1BF5F243008A1819 /* UMSocialQQHandler.h */ = {isa = PBXFileReference; fileEncoding = 4; lastKnownFileType = sourcecode.c.h; path = UMSocialQQHandler.h; sourceTree = "<group>"; };
		AB50ADF01BF5F243008A1819 /* libSocialWechat.a */ = {isa = PBXFileReference; lastKnownFileType = archive.ar; path = libSocialWechat.a; sourceTree = "<group>"; };
		AB50ADF11BF5F243008A1819 /* libWeChatSDK.a */ = {isa = PBXFileReference; lastKnownFileType = archive.ar; path = libWeChatSDK.a; sourceTree = "<group>"; };
		AB50ADF21BF5F243008A1819 /* UMSocialWechatHandler.h */ = {isa = PBXFileReference; fileEncoding = 4; lastKnownFileType = sourcecode.c.h; path = UMSocialWechatHandler.h; sourceTree = "<group>"; };
		AB50ADF31BF5F243008A1819 /* WXApi.h */ = {isa = PBXFileReference; fileEncoding = 4; lastKnownFileType = sourcecode.c.h; path = WXApi.h; sourceTree = "<group>"; };
		AB50ADF41BF5F243008A1819 /* WXApiObject.h */ = {isa = PBXFileReference; fileEncoding = 4; lastKnownFileType = sourcecode.c.h; path = WXApiObject.h; sourceTree = "<group>"; };
		AB50ADF51BF5F243008A1819 /* UMSocialSDKResourcesNew.bundle */ = {isa = PBXFileReference; lastKnownFileType = "wrapper.plug-in"; path = UMSocialSDKResourcesNew.bundle; sourceTree = "<group>"; };
		AB50ADF61BF5F243008A1819 /* zh-Hans */ = {isa = PBXFileReference; lastKnownFileType = text.plist.strings; name = "zh-Hans"; path = "zh-Hans.lproj/UMSocialLocalizable.strings"; sourceTree = "<group>"; };
		AB58EF801BD6A19A00E2B428 /* CAPSPageMenu.swift */ = {isa = PBXFileReference; fileEncoding = 4; lastKnownFileType = sourcecode.swift; path = CAPSPageMenu.swift; sourceTree = "<group>"; };
		AB58EF831BD6A19A00E2B428 /* HomeViewController.swift */ = {isa = PBXFileReference; fileEncoding = 4; lastKnownFileType = sourcecode.swift; path = HomeViewController.swift; sourceTree = "<group>"; };
		AB58EF841BD6A19A00E2B428 /* HttpClient.swift */ = {isa = PBXFileReference; fileEncoding = 4; lastKnownFileType = sourcecode.swift; path = HttpClient.swift; sourceTree = "<group>"; };
		AB58EF861BD6A19A00E2B428 /* PlayVideoViewController.swift */ = {isa = PBXFileReference; fileEncoding = 4; lastKnownFileType = sourcecode.swift; path = PlayVideoViewController.swift; sourceTree = "<group>"; };
		AB58EF881BD6A19A00E2B428 /* UIColor-Extension.swift */ = {isa = PBXFileReference; fileEncoding = 4; lastKnownFileType = sourcecode.swift; path = "UIColor-Extension.swift"; sourceTree = "<group>"; };
		AB58EF891BD6A19A00E2B428 /* UIViewController-Extension.swift */ = {isa = PBXFileReference; fileEncoding = 4; lastKnownFileType = sourcecode.swift; path = "UIViewController-Extension.swift"; sourceTree = "<group>"; };
		AB58EF8A1BD6A19A00E2B428 /* VideoInfo.swift */ = {isa = PBXFileReference; fileEncoding = 4; lastKnownFileType = sourcecode.swift; path = VideoInfo.swift; sourceTree = "<group>"; };
		AB58EF8B1BD6A19A00E2B428 /* VideoTableViewCell.swift */ = {isa = PBXFileReference; fileEncoding = 4; lastKnownFileType = sourcecode.swift; path = VideoTableViewCell.swift; sourceTree = "<group>"; };
		AB58EFA11BD6A2D500E2B428 /* ds-ios-Bridging-Header.h */ = {isa = PBXFileReference; lastKnownFileType = sourcecode.c.h; path = "ds-ios-Bridging-Header.h"; sourceTree = "<group>"; };
		AB58EFA61BD6A41A00E2B428 /* kr-video-player-close@2x.png */ = {isa = PBXFileReference; lastKnownFileType = image.png; path = "kr-video-player-close@2x.png"; sourceTree = "<group>"; };
		AB58EFA71BD6A41A00E2B428 /* kr-video-player-close@3x.png */ = {isa = PBXFileReference; lastKnownFileType = image.png; path = "kr-video-player-close@3x.png"; sourceTree = "<group>"; };
		AB58EFA81BD6A41A00E2B428 /* kr-video-player-fullscreen@2x.png */ = {isa = PBXFileReference; lastKnownFileType = image.png; path = "kr-video-player-fullscreen@2x.png"; sourceTree = "<group>"; };
		AB58EFA91BD6A41A00E2B428 /* kr-video-player-fullscreen@3x.png */ = {isa = PBXFileReference; lastKnownFileType = image.png; path = "kr-video-player-fullscreen@3x.png"; sourceTree = "<group>"; };
		AB58EFAA1BD6A41A00E2B428 /* kr-video-player-pause@2x.png */ = {isa = PBXFileReference; lastKnownFileType = image.png; path = "kr-video-player-pause@2x.png"; sourceTree = "<group>"; };
		AB58EFAB1BD6A41A00E2B428 /* kr-video-player-pause@3x.png */ = {isa = PBXFileReference; lastKnownFileType = image.png; path = "kr-video-player-pause@3x.png"; sourceTree = "<group>"; };
		AB58EFAC1BD6A41A00E2B428 /* kr-video-player-play@2x.png */ = {isa = PBXFileReference; lastKnownFileType = image.png; path = "kr-video-player-play@2x.png"; sourceTree = "<group>"; };
		AB58EFAD1BD6A41A00E2B428 /* kr-video-player-play@3x.png */ = {isa = PBXFileReference; lastKnownFileType = image.png; path = "kr-video-player-play@3x.png"; sourceTree = "<group>"; };
		AB58EFAE1BD6A41A00E2B428 /* kr-video-player-point@2x.png */ = {isa = PBXFileReference; lastKnownFileType = image.png; path = "kr-video-player-point@2x.png"; sourceTree = "<group>"; };
		AB58EFAF1BD6A41A00E2B428 /* kr-video-player-point@3x.png */ = {isa = PBXFileReference; lastKnownFileType = image.png; path = "kr-video-player-point@3x.png"; sourceTree = "<group>"; };
		AB58EFB01BD6A41A00E2B428 /* kr-video-player-shrinkscreen@2x.png */ = {isa = PBXFileReference; lastKnownFileType = image.png; path = "kr-video-player-shrinkscreen@2x.png"; sourceTree = "<group>"; };
		AB58EFB11BD6A41A00E2B428 /* kr-video-player-shrinkscreen@3x.png */ = {isa = PBXFileReference; lastKnownFileType = image.png; path = "kr-video-player-shrinkscreen@3x.png"; sourceTree = "<group>"; };
		AB58EFB31BD6A41A00E2B428 /* KrVideoPlayerController.h */ = {isa = PBXFileReference; fileEncoding = 4; lastKnownFileType = sourcecode.c.h; path = KrVideoPlayerController.h; sourceTree = "<group>"; };
		AB58EFB41BD6A41A00E2B428 /* KrVideoPlayerController.m */ = {isa = PBXFileReference; fileEncoding = 4; lastKnownFileType = sourcecode.c.objc; path = KrVideoPlayerController.m; sourceTree = "<group>"; };
		AB58EFB51BD6A41A00E2B428 /* KrVideoPlayerControlView.h */ = {isa = PBXFileReference; fileEncoding = 4; lastKnownFileType = sourcecode.c.h; path = KrVideoPlayerControlView.h; sourceTree = "<group>"; };
		AB58EFB61BD6A41A00E2B428 /* KrVideoPlayerControlView.m */ = {isa = PBXFileReference; fileEncoding = 4; lastKnownFileType = sourcecode.c.objc; path = KrVideoPlayerControlView.m; sourceTree = "<group>"; };
		AB58EFC91BD6A51800E2B428 /* MapKit.framework */ = {isa = PBXFileReference; lastKnownFileType = wrapper.framework; name = MapKit.framework; path = System/Library/Frameworks/MapKit.framework; sourceTree = SDKROOT; };
		AB58EFCD1BD6A89F00E2B428 /* StoreKit.framework */ = {isa = PBXFileReference; lastKnownFileType = wrapper.framework; name = StoreKit.framework; path = System/Library/Frameworks/StoreKit.framework; sourceTree = SDKROOT; };
		AB76C6A01BEF09140002F138 /* User.swift */ = {isa = PBXFileReference; fileEncoding = 4; lastKnownFileType = sourcecode.swift; path = User.swift; sourceTree = "<group>"; };
		AB853CC01BFB29E600695616 /* TableViewController-Extension.swift */ = {isa = PBXFileReference; fileEncoding = 4; lastKnownFileType = sourcecode.swift; path = "TableViewController-Extension.swift"; sourceTree = "<group>"; };
		ABA09EF11BE4C34D009C8A85 /* MainTabBarViewController.swift */ = {isa = PBXFileReference; fileEncoding = 4; lastKnownFileType = sourcecode.swift; path = MainTabBarViewController.swift; sourceTree = "<group>"; };
		ABC3FBDF1BD93390003300C9 /* RoundImageViewPro.swift */ = {isa = PBXFileReference; fileEncoding = 4; lastKnownFileType = sourcecode.swift; path = RoundImageViewPro.swift; sourceTree = "<group>"; };
		ABCF395A1BDF6D0E00C18508 /* VideoTableViewController.swift */ = {isa = PBXFileReference; fileEncoding = 4; lastKnownFileType = sourcecode.swift; path = VideoTableViewController.swift; sourceTree = "<group>"; };
		ABCF395C1BDF6F6C00C18508 /* DSHttpClient.swift */ = {isa = PBXFileReference; fileEncoding = 4; lastKnownFileType = sourcecode.swift; path = DSHttpClient.swift; sourceTree = "<group>"; };
		ABCF395F1BE07E9D00C18508 /* Base */ = {isa = PBXFileReference; lastKnownFileType = file.storyboard; name = Base; path = Base.lproj/My.storyboard; sourceTree = "<group>"; };
		ABDA830A1BFC653600BBAF74 /* UserFavorite.swift */ = {isa = PBXFileReference; fileEncoding = 4; lastKnownFileType = sourcecode.swift; path = UserFavorite.swift; sourceTree = "<group>"; };
		ABDA830C1BFC72D300BBAF74 /* ResponseEntity.swift */ = {isa = PBXFileReference; fileEncoding = 4; lastKnownFileType = sourcecode.swift; path = ResponseEntity.swift; sourceTree = "<group>"; };
		ABDA830E1BFC809900BBAF74 /* MyUserFavoriteTableViewController.swift */ = {isa = PBXFileReference; fileEncoding = 4; lastKnownFileType = sourcecode.swift; path = MyUserFavoriteTableViewController.swift; sourceTree = "<group>"; };
		ABE114981BF0A64E00027708 /* MobileCoreServices.framework */ = {isa = PBXFileReference; lastKnownFileType = wrapper.framework; name = MobileCoreServices.framework; path = System/Library/Frameworks/MobileCoreServices.framework; sourceTree = SDKROOT; };
		ABE684371BED92CF004B2BBD /* en */ = {isa = PBXFileReference; lastKnownFileType = text.plist.strings; name = en; path = en.lproj/SMS_SDKLocalizable.strings; sourceTree = "<group>"; };
		ABE684381BED92CF004B2BBD /* MOBFoundation.framework */ = {isa = PBXFileReference; lastKnownFileType = wrapper.framework; path = MOBFoundation.framework; sourceTree = "<group>"; };
		ABE684391BED92CF004B2BBD /* SMS_SDK.framework */ = {isa = PBXFileReference; lastKnownFileType = wrapper.framework; path = SMS_SDK.framework; sourceTree = "<group>"; };
		ABE6843A1BED92CF004B2BBD /* zh-Hans */ = {isa = PBXFileReference; lastKnownFileType = text.plist.strings; name = "zh-Hans"; path = "zh-Hans.lproj/SMS_SDKLocalizable.strings"; sourceTree = "<group>"; };
		ABE6843E1BED95AB004B2BBD /* RegisterUserViewController.swift */ = {isa = PBXFileReference; fileEncoding = 4; lastKnownFileType = sourcecode.swift; path = RegisterUserViewController.swift; sourceTree = "<group>"; };
		ABF6AEE11BE0D42800448D75 /* UIImage+ImageEffects.h */ = {isa = PBXFileReference; fileEncoding = 4; lastKnownFileType = sourcecode.c.h; path = "UIImage+ImageEffects.h"; sourceTree = "<group>"; };
		ABF6AEE21BE0D42800448D75 /* UIImage+ImageEffects.m */ = {isa = PBXFileReference; fileEncoding = 4; lastKnownFileType = sourcecode.c.objc; path = "UIImage+ImageEffects.m"; sourceTree = "<group>"; };
		ABF6AEE31BE0D42800448D75 /* ParallaxHeaderView.h */ = {isa = PBXFileReference; fileEncoding = 4; lastKnownFileType = sourcecode.c.h; path = ParallaxHeaderView.h; sourceTree = "<group>"; };
		ABF6AEE41BE0D42800448D75 /* ParallaxHeaderView.m */ = {isa = PBXFileReference; fileEncoding = 4; lastKnownFileType = sourcecode.c.objc; path = ParallaxHeaderView.m; sourceTree = "<group>"; };
		D9C98F2E301BB341C3C310AC /* Pods.framework */ = {isa = PBXFileReference; explicitFileType = wrapper.framework; includeInIndex = 0; path = Pods.framework; sourceTree = BUILT_PRODUCTS_DIR; };
/* End PBXFileReference section */

/* Begin PBXFrameworksBuildPhase section */
		AB03C8041BD6A09A00F0A37C /* Frameworks */ = {
			isa = PBXFrameworksBuildPhase;
			buildActionMask = 2147483647;
			files = (
				ABC4B5821BF7708C00B2CC24 /* libz.tbd in Frameworks */,
				AB50ADFB1BF5F243008A1819 /* libSocialQQ.a in Frameworks */,
				ABE114991BF0A64E00027708 /* MobileCoreServices.framework in Frameworks */,
				AB50ADF91BF5F243008A1819 /* libUMSocial_Sdk_Comment_4.3.a in Frameworks */,
				AB3509AB1BF60840003C27D2 /* StoreKit.framework in Frameworks */,
				AB3263E11BE8AE530099D02D /* libstdc++.tbd in Frameworks */,
				AB3509AF1BF6B820003C27D2 /* libUMessage_Sdk_1.2.0.a in Frameworks */,
				ABE6843D1BED92CF004B2BBD /* SMS_SDK.framework in Frameworks */,
				AB3264C71BEBB9AA0099D02D /* CoreTelephony.framework in Frameworks */,
				AB50ADFF1BF5F243008A1819 /* libWeChatSDK.a in Frameworks */,
				AB3264C61BEBB0110099D02D /* SystemConfiguration.framework in Frameworks */,
				AB3263F41BE8AEE80099D02D /* MessageUI.framework in Frameworks */,
				AB50ADFA1BF5F243008A1819 /* libSocialSina.a in Frameworks */,
				AB3263F21BE8AEDE0099D02D /* libsqlite3.tbd in Frameworks */,
				AB50ADFE1BF5F243008A1819 /* libSocialWechat.a in Frameworks */,
				AB3263EF1BE8AEC90099D02D /* CoreText.framework in Frameworks */,
				ABE6843C1BED92CF004B2BBD /* MOBFoundation.framework in Frameworks */,
				AB3263ED1BE8AEB60099D02D /* JavaScriptCore.framework in Frameworks */,
				AB50ADF81BF5F243008A1819 /* libUMSocial_Sdk_4.3.a in Frameworks */,
				AB3263E91BE8AEA10099D02D /* libz.1.2.5.tbd in Frameworks */,
				AB3263E71BE8AE960099D02D /* libicucore.tbd in Frameworks */,
				AB3263DD1BE8AB3F0099D02D /* ImageIO.framework in Frameworks */,
				AB03E0361BDA3225000F8D6C /* AVKit.framework in Frameworks */,
				4D27B1C84096D8EC738422AE /* Pods.framework in Frameworks */,
				AB50ADFC1BF5F243008A1819 /* TencentOpenAPI.framework in Frameworks */,
				AB58EFCA1BD6A51800E2B428 /* MapKit.framework in Frameworks */,
			);
			runOnlyForDeploymentPostprocessing = 0;
		};
/* End PBXFrameworksBuildPhase section */

/* Begin PBXGroup section */
		10EBB73AC5FA1091404FD628 /* Frameworks */ = {
			isa = PBXGroup;
			children = (
				ABE114981BF0A64E00027708 /* MobileCoreServices.framework */,
				AB3264841BEB8E860099D02D /* libz.tbd */,
				AB3264811BEB8E4E0099D02D /* CoreLocation.framework */,
				AB3263F31BE8AEE80099D02D /* MessageUI.framework */,
				AB3263F01BE8AED10099D02D /* AdSupport.framework */,
				AB3263EE1BE8AEC90099D02D /* CoreText.framework */,
				AB3263EC1BE8AEB60099D02D /* JavaScriptCore.framework */,
				AB3263EA1BE8AEAB0099D02D /* Security.framework */,
				AB3263E81BE8AEA10099D02D /* libz.1.2.5.tbd */,
				AB3263E61BE8AE960099D02D /* libicucore.tbd */,
				AB3263E41BE8AE890099D02D /* CoreTelephony.framework */,
				AB3263E21BE8AE7D0099D02D /* SystemConfiguration.framework */,
				AB3263E01BE8AE530099D02D /* libstdc++.tbd */,
				AB3263DE1BE8AB500099D02D /* libsqlite3.tbd */,
				AB3263DC1BE8AB3F0099D02D /* ImageIO.framework */,
				AB2EF2CC1BE22BF7008E96CC /* SnapKit.framework */,
				AB03E0351BDA3225000F8D6C /* AVKit.framework */,
				AB58EFCD1BD6A89F00E2B428 /* StoreKit.framework */,
				AB58EFC91BD6A51800E2B428 /* MapKit.framework */,
				D9C98F2E301BB341C3C310AC /* Pods.framework */,
			);
			name = Frameworks;
			sourceTree = "<group>";
		};
		AB03C7FE1BD6A09A00F0A37C = {
			isa = PBXGroup;
			children = (
				AB03C8091BD6A09A00F0A37C /* ds-ios */,
				AB03C8081BD6A09A00F0A37C /* Products */,
				B5ACFED64BE8BFC2A1ED13FC /* Pods */,
				10EBB73AC5FA1091404FD628 /* Frameworks */,
			);
			sourceTree = "<group>";
		};
		AB03C8081BD6A09A00F0A37C /* Products */ = {
			isa = PBXGroup;
			children = (
				AB03C8071BD6A09A00F0A37C /* ds-ios.app */,
			);
			name = Products;
			sourceTree = "<group>";
		};
		AB03C8091BD6A09A00F0A37C /* ds-ios */ = {
			isa = PBXGroup;
			children = (
				AB0CA13F1BE5B23E00134F1E /* Resources */,
				AB58EF9D1BD6A24100E2B428 /* Extension */,
				AB58EF9C1BD6A23500E2B428 /* NetWork */,
				AB1493F21BD71EDC004A9F43 /* Storyboard */,
				AB58EF9F1BD6A25900E2B428 /* Views */,
				AB58EF981BD6A1F800E2B428 /* Controllers */,
				AB58EFA01BD6A26800E2B428 /* Utils */,
				AB3263A21BE8AA2B0099D02D /* Lib */,
				AB58EF9E1BD6A24B00E2B428 /* Model */,
				AB03C80A1BD6A09A00F0A37C /* AppDelegate.swift */,
				AB03C8141BD6A09A00F0A37C /* Assets.xcassets */,
				AB03C8191BD6A09A00F0A37C /* Info.plist */,
				AB03C8111BD6A09A00F0A37C /* ds_ios.xcdatamodeld */,
				AB58EFA11BD6A2D500E2B428 /* ds-ios-Bridging-Header.h */,
			);
			path = "ds-ios";
			sourceTree = "<group>";
		};
		AB0C68251BFF122900FA9261 /* SendVideo */ = {
			isa = PBXGroup;
			children = (
				AB0C68261BFF124E00FA9261 /* SendVideoViewController.swift */,
			);
			name = SendVideo;
			sourceTree = "<group>";
		};
		AB0CA13F1BE5B23E00134F1E /* Resources */ = {
			isa = PBXGroup;
			children = (
				AB0CA1401BE5B24B00134F1E /* images */,
			);
			name = Resources;
			sourceTree = "<group>";
		};
		AB0CA1401BE5B24B00134F1E /* images */ = {
			isa = PBXGroup;
			children = (
				AB0CA1411BE5B26C00134F1E /* share_btn */,
			);
			name = images;
			sourceTree = "<group>";
		};
		AB0CA1411BE5B26C00134F1E /* share_btn */ = {
			isa = PBXGroup;
			children = (
			);
			path = share_btn;
			sourceTree = "<group>";
		};
		AB0CA1581BE6439B00134F1E /* SimpleButton */ = {
			isa = PBXGroup;
			children = (
				AB0CA1541BE5BA8200134F1E /* CustomButtons.swift */,
				AB0CA1521BE5B9E700134F1E /* SimpleButton.swift */,
			);
			name = SimpleButton;
			sourceTree = "<group>";
		};
		AB1493F21BD71EDC004A9F43 /* Storyboard */ = {
			isa = PBXGroup;
			children = (
				AB03C80E1BD6A09A00F0A37C /* Main.storyboard */,
				AB0C68281BFF127600FA9261 /* SendVideo.storyboard */,
				ABCF395E1BE07E9D00C18508 /* My.storyboard */,
				AB46FBC01BD927CE001C3C42 /* Find.storyboard */,
				AB46FBBD1BD927AE001C3C42 /* Home.storyboard */,
				AB46FBC31BD92811001C3C42 /* Play.storyboard */,
				AB03C8161BD6A09A00F0A37C /* LaunchScreen.storyboard */,
			);
			name = Storyboard;
			sourceTree = "<group>";
		};
		AB1494051BD74718004A9F43 /* Periscopy */ = {
			isa = PBXGroup;
			children = (
				AB1494061BD74721004A9F43 /* PeriscopyNavBarExtension.swift */,
				AB1494071BD74721004A9F43 /* PeriscopyTitleView.swift */,
			);
			name = Periscopy;
			sourceTree = "<group>";
		};
		AB2CBAA61BDB653800EE0672 /* Play */ = {
			isa = PBXGroup;
			children = (
				AB58EF861BD6A19A00E2B428 /* PlayVideoViewController.swift */,
				AB2CBAA71BDB67C200EE0672 /* PlayVideoInfoViewController.swift */,
				AB2CBAA91BDB680000EE0672 /* PlayVideoCommentTableViewController.swift */,
				AB2CBAAB1BDB68D200EE0672 /* PlayVideoRecommendTableViewController.swift */,
			);
			name = Play;
			sourceTree = "<group>";
		};
		AB2EF2CE1BE22C5B008E96CC /* Snap */ = {
			isa = PBXGroup;
			children = (
				AB2EF2CF1BE22C69008E96CC /* SnapKit.h */,
				AB2EF2D01BE22C69008E96CC /* SnapKit.swift */,
				AB2EF2D11BE22C69008E96CC /* Constraint.swift */,
				AB2EF2D21BE22C69008E96CC /* ConstraintDescription.swift */,
				AB2EF2D31BE22C69008E96CC /* ConstraintMaker.swift */,
				AB2EF2D41BE22C69008E96CC /* View+SnapKit.swift */,
				AB2EF2D51BE22C69008E96CC /* ViewController+SnapKit.swift */,
				AB2EF2D61BE22C69008E96CC /* ConstraintItem.swift */,
				AB2EF2D71BE22C69008E96CC /* EdgeInsets.swift */,
				AB2EF2D81BE22C69008E96CC /* LayoutConstraint.swift */,
				AB2EF2D91BE22C69008E96CC /* Debugging.swift */,
				AB2EF2DA1BE22C69008E96CC /* ConstraintRelation.swift */,
				AB2EF2DB1BE22C69008E96CC /* ConstraintAttributes.swift */,
				AB2EF2DC1BE22C69008E96CC /* SourceLocation.swift */,
			);
			name = Snap;
			sourceTree = "<group>";
		};
		AB3263A21BE8AA2B0099D02D /* Lib */ = {
			isa = PBXGroup;
			children = (
				AB3509AC1BF6B820003C27D2 /* UMessage_Sdk_1.2.0 */,
				AB50ADD41BF5F243008A1819 /* UMSocial_Sdk_4.3 */,
				ABE684351BED92CF004B2BBD /* SMS_SDK */,
			);
			name = Lib;
			sourceTree = "<group>";
		};
		AB3509AC1BF6B820003C27D2 /* UMessage_Sdk_1.2.0 */ = {
			isa = PBXGroup;
			children = (
				AB3509AD1BF6B820003C27D2 /* libUMessage_Sdk_1.2.0.a */,
				AB3509AE1BF6B820003C27D2 /* UMessage.h */,
			);
			path = UMessage_Sdk_1.2.0;
			sourceTree = "<group>";
		};
		AB50ADD41BF5F243008A1819 /* UMSocial_Sdk_4.3 */ = {
			isa = PBXGroup;
			children = (
				AB50ADD51BF5F243008A1819 /* UMSocialLocalizable.strings */,
				AB50ADD71BF5F243008A1819 /* Header */,
				AB50ADE31BF5F243008A1819 /* libUMSocial_Sdk_4.3.a */,
				AB50ADE41BF5F243008A1819 /* libUMSocial_Sdk_Comment_4.3.a */,
				AB50ADE51BF5F243008A1819 /* SocialSDKXib */,
				AB50ADE61BF5F243008A1819 /* UMSocial_Sdk_Extra_Frameworks */,
				AB50ADF51BF5F243008A1819 /* UMSocialSDKResourcesNew.bundle */,
			);
			path = UMSocial_Sdk_4.3;
			sourceTree = "<group>";
		};
		AB50ADD71BF5F243008A1819 /* Header */ = {
			isa = PBXGroup;
			children = (
				AB50ADD81BF5F243008A1819 /* UMSocial.h */,
				AB50ADD91BF5F243008A1819 /* UMSocialAccountManager.h */,
				AB50ADDA1BF5F243008A1819 /* UMSocialBar.h */,
				AB50ADDB1BF5F243008A1819 /* UMSocialConfig.h */,
				AB50ADDC1BF5F243008A1819 /* UMSocialControllerService.h */,
				AB50ADDD1BF5F243008A1819 /* UMSocialControllerServiceComment.h */,
				AB50ADDE1BF5F243008A1819 /* UMSocialData.h */,
				AB50ADDF1BF5F243008A1819 /* UMSocialDataService.h */,
				AB50ADE01BF5F243008A1819 /* UMSocialSnsData.h */,
				AB50ADE11BF5F243008A1819 /* UMSocialSnsPlatformManager.h */,
				AB50ADE21BF5F243008A1819 /* UMSocialSnsService.h */,
			);
			path = Header;
			sourceTree = "<group>";
		};
		AB50ADE51BF5F243008A1819 /* SocialSDKXib */ = {
			isa = PBXGroup;
			children = (
				AB0C68151BFEDA2B00FA9261 /* UMSCommentDetailController.xib */,
				AB0C68161BFEDA2B00FA9261 /* UMSCommentInputController.xib */,
				AB0C68171BFEDA2B00FA9261 /* UMSCommentInputControlleriPad.xib */,
				AB0C68181BFEDA2B00FA9261 /* UMShareEditViewController.xib */,
				AB0C68191BFEDA2B00FA9261 /* UMShareEditViewControlleriPad.xib */,
				AB0C681A1BFEDA2B00FA9261 /* UMSLoginViewController.xib */,
				AB0C681B1BFEDA2B00FA9261 /* UMSnsAccountViewController.xib */,
				AB0C681C1BFEDA2B00FA9261 /* UMSShareListController.xib */,
			);
			path = SocialSDKXib;
			sourceTree = "<group>";
		};
		AB50ADE61BF5F243008A1819 /* UMSocial_Sdk_Extra_Frameworks */ = {
			isa = PBXGroup;
			children = (
				AB50ADE71BF5F243008A1819 /* Sina */,
				AB50ADEA1BF5F243008A1819 /* TencentOpenAPI */,
				AB50ADEF1BF5F243008A1819 /* Wechat */,
			);
			path = UMSocial_Sdk_Extra_Frameworks;
			sourceTree = "<group>";
		};
		AB50ADE71BF5F243008A1819 /* Sina */ = {
			isa = PBXGroup;
			children = (
				AB50ADE81BF5F243008A1819 /* libSocialSina.a */,
				AB50ADE91BF5F243008A1819 /* UMSocialSinaHandler.h */,
			);
			path = Sina;
			sourceTree = "<group>";
		};
		AB50ADEA1BF5F243008A1819 /* TencentOpenAPI */ = {
			isa = PBXGroup;
			children = (
				AB50ADEB1BF5F243008A1819 /* libSocialQQ.a */,
				AB50ADEC1BF5F243008A1819 /* TencentOpenAPI.framework */,
				AB50ADED1BF5F243008A1819 /* TencentOpenApi_IOS_Bundle.bundle */,
				AB50ADEE1BF5F243008A1819 /* UMSocialQQHandler.h */,
			);
			path = TencentOpenAPI;
			sourceTree = "<group>";
		};
		AB50ADEF1BF5F243008A1819 /* Wechat */ = {
			isa = PBXGroup;
			children = (
				AB50ADF01BF5F243008A1819 /* libSocialWechat.a */,
				AB50ADF11BF5F243008A1819 /* libWeChatSDK.a */,
				AB50ADF21BF5F243008A1819 /* UMSocialWechatHandler.h */,
				AB50ADF31BF5F243008A1819 /* WXApi.h */,
				AB50ADF41BF5F243008A1819 /* WXApiObject.h */,
			);
			path = Wechat;
			sourceTree = "<group>";
		};
		AB58EF981BD6A1F800E2B428 /* Controllers */ = {
			isa = PBXGroup;
			children = (
				AB0C68251BFF122900FA9261 /* SendVideo */,
				AB58EF9B1BD6A22C00E2B428 /* Main */,
				AB58EF991BD6A21200E2B428 /* Home */,
				AB58EF9A1BD6A21C00E2B428 /* Find */,
				ABCF39611BE09ADA00C18508 /* My */,
			);
			name = Controllers;
			sourceTree = "<group>";
		};
		AB58EF991BD6A21200E2B428 /* Home */ = {
			isa = PBXGroup;
			children = (
				AB58EF831BD6A19A00E2B428 /* HomeViewController.swift */,
				ABCF395A1BDF6D0E00C18508 /* VideoTableViewController.swift */,
				AB2CBAA61BDB653800EE0672 /* Play */,
			);
			name = Home;
			sourceTree = "<group>";
		};
		AB58EF9A1BD6A21C00E2B428 /* Find */ = {
			isa = PBXGroup;
			children = (
				AB1493F31BD72901004A9F43 /* FindMainTableViewController.swift */,
				AB3264861BEB8FD80099D02D /* HotAppViewController.swift */,
			);
			name = Find;
			sourceTree = "<group>";
		};
		AB58EF9B1BD6A22C00E2B428 /* Main */ = {
			isa = PBXGroup;
			children = (
				AB03C80C1BD6A09A00F0A37C /* ViewController.swift */,
				ABA09EF11BE4C34D009C8A85 /* MainTabBarViewController.swift */,
			);
			name = Main;
			sourceTree = "<group>";
		};
		AB58EF9C1BD6A23500E2B428 /* NetWork */ = {
			isa = PBXGroup;
			children = (
				AB58EF841BD6A19A00E2B428 /* HttpClient.swift */,
				ABCF395C1BDF6F6C00C18508 /* DSHttpClient.swift */,
			);
			name = NetWork;
			sourceTree = "<group>";
		};
		AB58EF9D1BD6A24100E2B428 /* Extension */ = {
			isa = PBXGroup;
			children = (
				AB58EF881BD6A19A00E2B428 /* UIColor-Extension.swift */,
				AB58EF891BD6A19A00E2B428 /* UIViewController-Extension.swift */,
				AB853CC01BFB29E600695616 /* TableViewController-Extension.swift */,
			);
			name = Extension;
			sourceTree = "<group>";
		};
		AB58EF9E1BD6A24B00E2B428 /* Model */ = {
			isa = PBXGroup;
			children = (
				AB58EF8A1BD6A19A00E2B428 /* VideoInfo.swift */,
				AB76C6A01BEF09140002F138 /* User.swift */,
				ABDA830A1BFC653600BBAF74 /* UserFavorite.swift */,
				ABDA830C1BFC72D300BBAF74 /* ResponseEntity.swift */,
			);
			name = Model;
			sourceTree = "<group>";
		};
		AB58EF9F1BD6A25900E2B428 /* Views */ = {
			isa = PBXGroup;
			children = (
				AB58EF8B1BD6A19A00E2B428 /* VideoTableViewCell.swift */,
				AB1493F51BD72A60004A9F43 /* FindTableViewCell.swift */,
			);
			name = Views;
			sourceTree = "<group>";
		};
		AB58EFA01BD6A26800E2B428 /* Utils */ = {
			isa = PBXGroup;
			children = (
				AB0C68031BFD855100FA9261 /* DOFavoriteButton.swift */,
				AB42A0B41BF9A4B800A2162E /* Constants.swift */,
				AB0CA1581BE6439B00134F1E /* SimpleButton */,
				AB2EF2CE1BE22C5B008E96CC /* Snap */,
				ABF6AEE01BE0D41200448D75 /* ParallaxHeaderView */,
				ABC3FBDF1BD93390003300C9 /* RoundImageViewPro.swift */,
				AB1494051BD74718004A9F43 /* Periscopy */,
				AB58EFA41BD6A41A00E2B428 /* KrVideoPlayer */,
				AB58EF801BD6A19A00E2B428 /* CAPSPageMenu.swift */,
			);
			name = Utils;
			sourceTree = "<group>";
		};
		AB58EFA41BD6A41A00E2B428 /* KrVideoPlayer */ = {
			isa = PBXGroup;
			children = (
				AB58EFA51BD6A41A00E2B428 /* Assets */,
				AB58EFB21BD6A41A00E2B428 /* Classes */,
			);
			path = KrVideoPlayer;
			sourceTree = "<group>";
		};
		AB58EFA51BD6A41A00E2B428 /* Assets */ = {
			isa = PBXGroup;
			children = (
				AB58EFA61BD6A41A00E2B428 /* kr-video-player-close@2x.png */,
				AB58EFA71BD6A41A00E2B428 /* kr-video-player-close@3x.png */,
				AB58EFA81BD6A41A00E2B428 /* kr-video-player-fullscreen@2x.png */,
				AB58EFA91BD6A41A00E2B428 /* kr-video-player-fullscreen@3x.png */,
				AB58EFAA1BD6A41A00E2B428 /* kr-video-player-pause@2x.png */,
				AB58EFAB1BD6A41A00E2B428 /* kr-video-player-pause@3x.png */,
				AB58EFAC1BD6A41A00E2B428 /* kr-video-player-play@2x.png */,
				AB58EFAD1BD6A41A00E2B428 /* kr-video-player-play@3x.png */,
				AB58EFAE1BD6A41A00E2B428 /* kr-video-player-point@2x.png */,
				AB58EFAF1BD6A41A00E2B428 /* kr-video-player-point@3x.png */,
				AB58EFB01BD6A41A00E2B428 /* kr-video-player-shrinkscreen@2x.png */,
				AB58EFB11BD6A41A00E2B428 /* kr-video-player-shrinkscreen@3x.png */,
			);
			path = Assets;
			sourceTree = "<group>";
		};
		AB58EFB21BD6A41A00E2B428 /* Classes */ = {
			isa = PBXGroup;
			children = (
				AB58EFB31BD6A41A00E2B428 /* KrVideoPlayerController.h */,
				AB58EFB41BD6A41A00E2B428 /* KrVideoPlayerController.m */,
				AB58EFB51BD6A41A00E2B428 /* KrVideoPlayerControlView.h */,
				AB58EFB61BD6A41A00E2B428 /* KrVideoPlayerControlView.m */,
			);
			path = Classes;
			sourceTree = "<group>";
		};
		ABCF39611BE09ADA00C18508 /* My */ = {
			isa = PBXGroup;
			children = (
				AB2ED0481BE37261002CE2E2 /* MyMainTableViewController.swift */,
				AB0CA1561BE60C3D00134F1E /* LoginViewController.swift */,
				ABE6843E1BED95AB004B2BBD /* RegisterUserViewController.swift */,
				ABDA830E1BFC809900BBAF74 /* MyUserFavoriteTableViewController.swift */,
			);
			name = My;
			sourceTree = "<group>";
		};
		ABE684351BED92CF004B2BBD /* SMS_SDK */ = {
			isa = PBXGroup;
			children = (
				ABE684361BED92CF004B2BBD /* SMS_SDKLocalizable.strings */,
				ABE684381BED92CF004B2BBD /* MOBFoundation.framework */,
				ABE684391BED92CF004B2BBD /* SMS_SDK.framework */,
			);
			path = SMS_SDK;
			sourceTree = "<group>";
		};
		ABF6AEE01BE0D41200448D75 /* ParallaxHeaderView */ = {
			isa = PBXGroup;
			children = (
				ABF6AEE11BE0D42800448D75 /* UIImage+ImageEffects.h */,
				ABF6AEE21BE0D42800448D75 /* UIImage+ImageEffects.m */,
				ABF6AEE31BE0D42800448D75 /* ParallaxHeaderView.h */,
				ABF6AEE41BE0D42800448D75 /* ParallaxHeaderView.m */,
			);
			name = ParallaxHeaderView;
			sourceTree = "<group>";
		};
		B5ACFED64BE8BFC2A1ED13FC /* Pods */ = {
			isa = PBXGroup;
			children = (
				2343D262913AFB4AC2BFBF5C /* Pods.debug.xcconfig */,
				A3510B5C718A38ECFC031E4E /* Pods.release.xcconfig */,
			);
			name = Pods;
			sourceTree = "<group>";
		};
/* End PBXGroup section */

/* Begin PBXNativeTarget section */
		AB03C8061BD6A09A00F0A37C /* ds-ios */ = {
			isa = PBXNativeTarget;
			buildConfigurationList = AB03C81C1BD6A09A00F0A37C /* Build configuration list for PBXNativeTarget "ds-ios" */;
			buildPhases = (
				3B6B6DB92EDFC67D5EBC94FA /* Check Pods Manifest.lock */,
				AB03C8031BD6A09A00F0A37C /* Sources */,
				AB03C8041BD6A09A00F0A37C /* Frameworks */,
				AB03C8051BD6A09A00F0A37C /* Resources */,
				0AD634E0A415AA20A91981DA /* Embed Pods Frameworks */,
				654CE4C2C17A954BD70B5CD3 /* Copy Pods Resources */,
			);
			buildRules = (
			);
			dependencies = (
			);
			name = "ds-ios";
			productName = "ds-ios";
			productReference = AB03C8071BD6A09A00F0A37C /* ds-ios.app */;
			productType = "com.apple.product-type.application";
		};
/* End PBXNativeTarget section */

/* Begin PBXProject section */
		AB03C7FF1BD6A09A00F0A37C /* Project object */ = {
			isa = PBXProject;
			attributes = {
				LastSwiftUpdateCheck = 0700;
				LastUpgradeCheck = 0700;
				ORGANIZATIONNAME = Songlijun;
				TargetAttributes = {
					AB03C8061BD6A09A00F0A37C = {
						CreatedOnToolsVersion = 7.0.1;
						DevelopmentTeam = 587PLL658T;
						SystemCapabilities = {
							com.apple.InAppPurchase = {
								enabled = 1;
							};
							com.apple.Maps.iOS = {
								enabled = 1;
							};
							com.apple.Push = {
								enabled = 1;
							};
						};
					};
				};
			};
			buildConfigurationList = AB03C8021BD6A09A00F0A37C /* Build configuration list for PBXProject "ds-ios" */;
			compatibilityVersion = "Xcode 3.2";
			developmentRegion = English;
			hasScannedForEncodings = 0;
			knownRegions = (
				en,
				Base,
				"en-US",
				"zh-Hans-CN",
				"zh-Hans",
			);
			mainGroup = AB03C7FE1BD6A09A00F0A37C;
			productRefGroup = AB03C8081BD6A09A00F0A37C /* Products */;
			projectDirPath = "";
			projectRoot = "";
			targets = (
				AB03C8061BD6A09A00F0A37C /* ds-ios */,
			);
		};
/* End PBXProject section */

/* Begin PBXResourcesBuildPhase section */
		AB03C8051BD6A09A00F0A37C /* Resources */ = {
			isa = PBXResourcesBuildPhase;
			buildActionMask = 2147483647;
			files = (
				ABE6843B1BED92CF004B2BBD /* SMS_SDKLocalizable.strings in Resources */,
				ABCF39601BE07E9D00C18508 /* My.storyboard in Resources */,
				AB58EFBE1BD6A41A00E2B428 /* kr-video-player-play@2x.png in Resources */,
				AB58EFB91BD6A41A00E2B428 /* kr-video-player-close@3x.png in Resources */,
				AB0C68221BFEDA2B00FA9261 /* UMSLoginViewController.xib in Resources */,
				AB58EFBF1BD6A41A00E2B428 /* kr-video-player-play@3x.png in Resources */,
				AB0C68201BFEDA2B00FA9261 /* UMShareEditViewController.xib in Resources */,
				AB0C68211BFEDA2B00FA9261 /* UMShareEditViewControlleriPad.xib in Resources */,
				AB58EFBB1BD6A41A00E2B428 /* kr-video-player-fullscreen@3x.png in Resources */,
				AB0C681D1BFEDA2B00FA9261 /* UMSCommentDetailController.xib in Resources */,
				AB0C68241BFEDA2B00FA9261 /* UMSShareListController.xib in Resources */,
				AB58EFC11BD6A41A00E2B428 /* kr-video-player-point@3x.png in Resources */,
				AB0C682A1BFF127600FA9261 /* SendVideo.storyboard in Resources */,
				AB46FBC21BD927CE001C3C42 /* Find.storyboard in Resources */,
				AB58EFBA1BD6A41A00E2B428 /* kr-video-player-fullscreen@2x.png in Resources */,
				AB03C8181BD6A09A00F0A37C /* LaunchScreen.storyboard in Resources */,
				AB03C8151BD6A09A00F0A37C /* Assets.xcassets in Resources */,
				AB03C8101BD6A09A00F0A37C /* Main.storyboard in Resources */,
				AB46FBC51BD92811001C3C42 /* Play.storyboard in Resources */,
				AB58EFC21BD6A41A00E2B428 /* kr-video-player-shrinkscreen@2x.png in Resources */,
				AB58EFBD1BD6A41A00E2B428 /* kr-video-player-pause@3x.png in Resources */,
				AB50AE001BF5F243008A1819 /* UMSocialSDKResourcesNew.bundle in Resources */,
				AB58EFC31BD6A41A00E2B428 /* kr-video-player-shrinkscreen@3x.png in Resources */,
				AB58EFB81BD6A41A00E2B428 /* kr-video-player-close@2x.png in Resources */,
				AB58EFBC1BD6A41A00E2B428 /* kr-video-player-pause@2x.png in Resources */,
				AB50ADFD1BF5F243008A1819 /* TencentOpenApi_IOS_Bundle.bundle in Resources */,
				AB58EFC01BD6A41A00E2B428 /* kr-video-player-point@2x.png in Resources */,
				AB0C68231BFEDA2B00FA9261 /* UMSnsAccountViewController.xib in Resources */,
				AB46FBBF1BD927AE001C3C42 /* Home.storyboard in Resources */,
				AB0C681E1BFEDA2B00FA9261 /* UMSCommentInputController.xib in Resources */,
				AB0C681F1BFEDA2B00FA9261 /* UMSCommentInputControlleriPad.xib in Resources */,
				AB50ADF71BF5F243008A1819 /* UMSocialLocalizable.strings in Resources */,
			);
			runOnlyForDeploymentPostprocessing = 0;
		};
/* End PBXResourcesBuildPhase section */

/* Begin PBXShellScriptBuildPhase section */
		0AD634E0A415AA20A91981DA /* Embed Pods Frameworks */ = {
			isa = PBXShellScriptBuildPhase;
			buildActionMask = 2147483647;
			files = (
			);
			inputPaths = (
			);
			name = "Embed Pods Frameworks";
			outputPaths = (
			);
			runOnlyForDeploymentPostprocessing = 0;
			shellPath = /bin/sh;
			shellScript = "\"${SRCROOT}/Pods/Target Support Files/Pods/Pods-frameworks.sh\"\n";
			showEnvVarsInLog = 0;
		};
		3B6B6DB92EDFC67D5EBC94FA /* Check Pods Manifest.lock */ = {
			isa = PBXShellScriptBuildPhase;
			buildActionMask = 2147483647;
			files = (
			);
			inputPaths = (
			);
			name = "Check Pods Manifest.lock";
			outputPaths = (
			);
			runOnlyForDeploymentPostprocessing = 0;
			shellPath = /bin/sh;
			shellScript = "diff \"${PODS_ROOT}/../Podfile.lock\" \"${PODS_ROOT}/Manifest.lock\" > /dev/null\nif [[ $? != 0 ]] ; then\n    cat << EOM\nerror: The sandbox is not in sync with the Podfile.lock. Run 'pod install' or update your CocoaPods installation.\nEOM\n    exit 1\nfi\n";
			showEnvVarsInLog = 0;
		};
		654CE4C2C17A954BD70B5CD3 /* Copy Pods Resources */ = {
			isa = PBXShellScriptBuildPhase;
			buildActionMask = 2147483647;
			files = (
			);
			inputPaths = (
			);
			name = "Copy Pods Resources";
			outputPaths = (
			);
			runOnlyForDeploymentPostprocessing = 0;
			shellPath = /bin/sh;
			shellScript = "\"${SRCROOT}/Pods/Target Support Files/Pods/Pods-resources.sh\"\n";
			showEnvVarsInLog = 0;
		};
/* End PBXShellScriptBuildPhase section */

/* Begin PBXSourcesBuildPhase section */
		AB03C8031BD6A09A00F0A37C /* Sources */ = {
			isa = PBXSourcesBuildPhase;
			buildActionMask = 2147483647;
			files = (
				AB2EF2E81BE22C69008E96CC /* ConstraintAttributes.swift in Sources */,
				AB2EF2E51BE22C69008E96CC /* LayoutConstraint.swift in Sources */,
				AB03C8131BD6A09A00F0A37C /* ds_ios.xcdatamodeld in Sources */,
				AB58EF951BD6A19A00E2B428 /* UIViewController-Extension.swift in Sources */,
				AB58EFC51BD6A41A00E2B428 /* KrVideoPlayerControlView.m in Sources */,
				AB853CC11BFB29E600695616 /* TableViewController-Extension.swift in Sources */,
				AB03C80D1BD6A09A00F0A37C /* ViewController.swift in Sources */,
				AB1494091BD74721004A9F43 /* PeriscopyTitleView.swift in Sources */,
				AB58EF901BD6A19A00E2B428 /* HttpClient.swift in Sources */,
				AB58EF8C1BD6A19A00E2B428 /* CAPSPageMenu.swift in Sources */,
				AB2EF2E01BE22C69008E96CC /* ConstraintMaker.swift in Sources */,
				AB0CA1571BE60C3D00134F1E /* LoginViewController.swift in Sources */,
				AB2ED0491BE37261002CE2E2 /* MyMainTableViewController.swift in Sources */,
				AB3264871BEB8FD80099D02D /* HotAppViewController.swift in Sources */,
				AB2CBAAA1BDB680000EE0672 /* PlayVideoCommentTableViewController.swift in Sources */,
				ABCF395B1BDF6D0E00C18508 /* VideoTableViewController.swift in Sources */,
				AB03C80B1BD6A09A00F0A37C /* AppDelegate.swift in Sources */,
				AB58EFC41BD6A41A00E2B428 /* KrVideoPlayerController.m in Sources */,
				ABE6843F1BED95AB004B2BBD /* RegisterUserViewController.swift in Sources */,
				AB2CBAA81BDB67C200EE0672 /* PlayVideoInfoViewController.swift in Sources */,
				AB0CA1531BE5B9E700134F1E /* SimpleButton.swift in Sources */,
				AB1494081BD74721004A9F43 /* PeriscopyNavBarExtension.swift in Sources */,
				AB2EF2E21BE22C69008E96CC /* ViewController+SnapKit.swift in Sources */,
				ABC3FBE01BD93390003300C9 /* RoundImageViewPro.swift in Sources */,
				AB0C68041BFD855100FA9261 /* DOFavoriteButton.swift in Sources */,
				AB42A0B51BF9A4B800A2162E /* Constants.swift in Sources */,
				AB2EF2E41BE22C69008E96CC /* EdgeInsets.swift in Sources */,
				ABDA830B1BFC653600BBAF74 /* UserFavorite.swift in Sources */,
				AB0CA1551BE5BA8200134F1E /* CustomButtons.swift in Sources */,
				AB76C6A11BEF09140002F138 /* User.swift in Sources */,
				AB2CBAAC1BDB68D200EE0672 /* PlayVideoRecommendTableViewController.swift in Sources */,
				AB2EF2E11BE22C69008E96CC /* View+SnapKit.swift in Sources */,
				AB58EF8F1BD6A19A00E2B428 /* HomeViewController.swift in Sources */,
				ABF6AEE61BE0D42800448D75 /* ParallaxHeaderView.m in Sources */,
				ABDA830D1BFC72D300BBAF74 /* ResponseEntity.swift in Sources */,
				AB0C68271BFF124F00FA9261 /* SendVideoViewController.swift in Sources */,
				ABCF395D1BDF6F6C00C18508 /* DSHttpClient.swift in Sources */,
				AB58EF921BD6A19A00E2B428 /* PlayVideoViewController.swift in Sources */,
				AB2EF2DE1BE22C69008E96CC /* Constraint.swift in Sources */,
				ABA09EF21BE4C34D009C8A85 /* MainTabBarViewController.swift in Sources */,
				AB2EF2E31BE22C69008E96CC /* ConstraintItem.swift in Sources */,
				AB1493F41BD72901004A9F43 /* FindMainTableViewController.swift in Sources */,
				AB58EF941BD6A19A00E2B428 /* UIColor-Extension.swift in Sources */,
				AB2EF2DD1BE22C69008E96CC /* SnapKit.swift in Sources */,
				AB58EF961BD6A19A00E2B428 /* VideoInfo.swift in Sources */,
				AB2EF2E91BE22C69008E96CC /* SourceLocation.swift in Sources */,
				ABF6AEE51BE0D42800448D75 /* UIImage+ImageEffects.m in Sources */,
				ABDA830F1BFC809900BBAF74 /* MyUserFavoriteTableViewController.swift in Sources */,
				AB1493F61BD72A60004A9F43 /* FindTableViewCell.swift in Sources */,
				AB2EF2E61BE22C69008E96CC /* Debugging.swift in Sources */,
				AB58EF971BD6A19A00E2B428 /* VideoTableViewCell.swift in Sources */,
				AB2EF2E71BE22C69008E96CC /* ConstraintRelation.swift in Sources */,
				AB2EF2DF1BE22C69008E96CC /* ConstraintDescription.swift in Sources */,
			);
			runOnlyForDeploymentPostprocessing = 0;
		};
/* End PBXSourcesBuildPhase section */

/* Begin PBXVariantGroup section */
		AB03C80E1BD6A09A00F0A37C /* Main.storyboard */ = {
			isa = PBXVariantGroup;
			children = (
				AB03C80F1BD6A09A00F0A37C /* Base */,
			);
			name = Main.storyboard;
			sourceTree = "<group>";
		};
		AB03C8161BD6A09A00F0A37C /* LaunchScreen.storyboard */ = {
			isa = PBXVariantGroup;
			children = (
				AB03C8171BD6A09A00F0A37C /* Base */,
			);
			name = LaunchScreen.storyboard;
			sourceTree = "<group>";
		};
		AB0C68281BFF127600FA9261 /* SendVideo.storyboard */ = {
			isa = PBXVariantGroup;
			children = (
				AB0C68291BFF127600FA9261 /* Base */,
			);
			name = SendVideo.storyboard;
			sourceTree = "<group>";
		};
		AB46FBBD1BD927AE001C3C42 /* Home.storyboard */ = {
			isa = PBXVariantGroup;
			children = (
				AB46FBBE1BD927AE001C3C42 /* Base */,
			);
			name = Home.storyboard;
			sourceTree = "<group>";
		};
		AB46FBC01BD927CE001C3C42 /* Find.storyboard */ = {
			isa = PBXVariantGroup;
			children = (
				AB46FBC11BD927CE001C3C42 /* Base */,
			);
			name = Find.storyboard;
			sourceTree = "<group>";
		};
		AB46FBC31BD92811001C3C42 /* Play.storyboard */ = {
			isa = PBXVariantGroup;
			children = (
				AB46FBC41BD92811001C3C42 /* Base */,
			);
			name = Play.storyboard;
			sourceTree = "<group>";
		};
		AB50ADD51BF5F243008A1819 /* UMSocialLocalizable.strings */ = {
			isa = PBXVariantGroup;
			children = (
				AB50ADD61BF5F243008A1819 /* en */,
				AB50ADF61BF5F243008A1819 /* zh-Hans */,
			);
			name = UMSocialLocalizable.strings;
			sourceTree = "<group>";
		};
		ABCF395E1BE07E9D00C18508 /* My.storyboard */ = {
			isa = PBXVariantGroup;
			children = (
				ABCF395F1BE07E9D00C18508 /* Base */,
			);
			name = My.storyboard;
			sourceTree = "<group>";
		};
		ABE684361BED92CF004B2BBD /* SMS_SDKLocalizable.strings */ = {
			isa = PBXVariantGroup;
			children = (
				ABE684371BED92CF004B2BBD /* en */,
				ABE6843A1BED92CF004B2BBD /* zh-Hans */,
			);
			name = SMS_SDKLocalizable.strings;
			sourceTree = "<group>";
		};
/* End PBXVariantGroup section */

/* Begin XCBuildConfiguration section */
		AB03C81A1BD6A09A00F0A37C /* Debug */ = {
			isa = XCBuildConfiguration;
			buildSettings = {
				ALWAYS_SEARCH_USER_PATHS = NO;
				CLANG_CXX_LANGUAGE_STANDARD = "gnu++0x";
				CLANG_CXX_LIBRARY = "libc++";
				CLANG_ENABLE_MODULES = YES;
				CLANG_ENABLE_OBJC_ARC = YES;
				CLANG_WARN_BOOL_CONVERSION = YES;
				CLANG_WARN_CONSTANT_CONVERSION = YES;
				CLANG_WARN_DIRECT_OBJC_ISA_USAGE = YES_ERROR;
				CLANG_WARN_EMPTY_BODY = YES;
				CLANG_WARN_ENUM_CONVERSION = YES;
				CLANG_WARN_INT_CONVERSION = YES;
				CLANG_WARN_OBJC_ROOT_CLASS = YES_ERROR;
				CLANG_WARN_UNREACHABLE_CODE = YES;
				CLANG_WARN__DUPLICATE_METHOD_MATCH = YES;
				"CODE_SIGN_IDENTITY[sdk=iphoneos*]" = "iPhone Developer";
				COPY_PHASE_STRIP = NO;
				DEBUG_INFORMATION_FORMAT = dwarf;
				ENABLE_BITCODE = NO;
				ENABLE_STRICT_OBJC_MSGSEND = YES;
				ENABLE_TESTABILITY = YES;
				GCC_C_LANGUAGE_STANDARD = gnu99;
				GCC_DYNAMIC_NO_PIC = NO;
				GCC_NO_COMMON_BLOCKS = YES;
				GCC_OPTIMIZATION_LEVEL = 0;
				GCC_PREPROCESSOR_DEFINITIONS = (
					"DEBUG=1",
					"$(inherited)",
				);
				GCC_WARN_64_TO_32_BIT_CONVERSION = YES;
				GCC_WARN_ABOUT_RETURN_TYPE = YES_ERROR;
				GCC_WARN_UNDECLARED_SELECTOR = YES;
				GCC_WARN_UNINITIALIZED_AUTOS = YES_AGGRESSIVE;
				GCC_WARN_UNUSED_FUNCTION = YES;
				GCC_WARN_UNUSED_VARIABLE = YES;
				IPHONEOS_DEPLOYMENT_TARGET = 9.0;
				MTL_ENABLE_DEBUG_INFO = YES;
				ONLY_ACTIVE_ARCH = YES;
				SDKROOT = iphoneos;
				SWIFT_OPTIMIZATION_LEVEL = "-Onone";
				TARGETED_DEVICE_FAMILY = "1,2";
			};
			name = Debug;
		};
		AB03C81B1BD6A09A00F0A37C /* Release */ = {
			isa = XCBuildConfiguration;
			buildSettings = {
				ALWAYS_SEARCH_USER_PATHS = NO;
				CLANG_CXX_LANGUAGE_STANDARD = "gnu++0x";
				CLANG_CXX_LIBRARY = "libc++";
				CLANG_ENABLE_MODULES = YES;
				CLANG_ENABLE_OBJC_ARC = YES;
				CLANG_WARN_BOOL_CONVERSION = YES;
				CLANG_WARN_CONSTANT_CONVERSION = YES;
				CLANG_WARN_DIRECT_OBJC_ISA_USAGE = YES_ERROR;
				CLANG_WARN_EMPTY_BODY = YES;
				CLANG_WARN_ENUM_CONVERSION = YES;
				CLANG_WARN_INT_CONVERSION = YES;
				CLANG_WARN_OBJC_ROOT_CLASS = YES_ERROR;
				CLANG_WARN_UNREACHABLE_CODE = YES;
				CLANG_WARN__DUPLICATE_METHOD_MATCH = YES;
				"CODE_SIGN_IDENTITY[sdk=iphoneos*]" = "iPhone Developer";
				COPY_PHASE_STRIP = NO;
				DEBUG_INFORMATION_FORMAT = "dwarf-with-dsym";
				ENABLE_BITCODE = NO;
				ENABLE_NS_ASSERTIONS = NO;
				ENABLE_STRICT_OBJC_MSGSEND = YES;
				GCC_C_LANGUAGE_STANDARD = gnu99;
				GCC_NO_COMMON_BLOCKS = YES;
				GCC_WARN_64_TO_32_BIT_CONVERSION = YES;
				GCC_WARN_ABOUT_RETURN_TYPE = YES_ERROR;
				GCC_WARN_UNDECLARED_SELECTOR = YES;
				GCC_WARN_UNINITIALIZED_AUTOS = YES_AGGRESSIVE;
				GCC_WARN_UNUSED_FUNCTION = YES;
				GCC_WARN_UNUSED_VARIABLE = YES;
				IPHONEOS_DEPLOYMENT_TARGET = 9.0;
				MTL_ENABLE_DEBUG_INFO = NO;
				SDKROOT = iphoneos;
				TARGETED_DEVICE_FAMILY = "1,2";
				VALIDATE_PRODUCT = YES;
			};
			name = Release;
		};
		AB03C81D1BD6A09A00F0A37C /* Debug */ = {
			isa = XCBuildConfiguration;
			baseConfigurationReference = 2343D262913AFB4AC2BFBF5C /* Pods.debug.xcconfig */;
			buildSettings = {
				ASSETCATALOG_COMPILER_APPICON_NAME = AppIcon;
				CLANG_ENABLE_MODULES = YES;
				CODE_SIGN_IDENTITY = "iPhone Developer";
				FRAMEWORK_SEARCH_PATHS = (
					"$(inherited)",
					"$(PROJECT_DIR)/ds-ios",
					"$(PROJECT_DIR)/ds-ios/UMSocial_Sdk_4.3/UMSocial_Sdk_Extra_Frameworks/TencentOpenAPI",
					"$(PROJECT_DIR)/ds-ios/SMS_SDK",
				);
				INFOPLIST_FILE = "ds-ios/Info.plist";
				LD_RUNPATH_SEARCH_PATHS = "$(inherited) @executable_path/Frameworks";
				LIBRARY_SEARCH_PATHS = (
					"$(inherited)",
					"$(PROJECT_DIR)/ds-ios",
					"$(PROJECT_DIR)/ds-ios/UMSocial_Sdk_4.3",
					"$(PROJECT_DIR)/ds-ios/UMSocial_Sdk_4.3/UMSocial_Sdk_Extra_Frameworks/Sina",
					"$(PROJECT_DIR)/ds-ios/UMSocial_Sdk_4.3/UMSocial_Sdk_Extra_Frameworks/TencentOpenAPI",
					"$(PROJECT_DIR)/ds-ios/UMSocial_Sdk_4.3/UMSocial_Sdk_Extra_Frameworks/Wechat",
					"$(PROJECT_DIR)/ds-ios/UMessage_Sdk_1.2.0",
				);
				PRODUCT_BUNDLE_IDENTIFIER = "me.doushi.ds-ios";
				PRODUCT_NAME = "$(TARGET_NAME)";
				SWIFT_OBJC_BRIDGING_HEADER = "ds-ios/ds-ios-Bridging-Header.h";
				SWIFT_OPTIMIZATION_LEVEL = "-Onone";
			};
			name = Debug;
		};
		AB03C81E1BD6A09A00F0A37C /* Release */ = {
			isa = XCBuildConfiguration;
			baseConfigurationReference = A3510B5C718A38ECFC031E4E /* Pods.release.xcconfig */;
			buildSettings = {
				ASSETCATALOG_COMPILER_APPICON_NAME = AppIcon;
				CLANG_ENABLE_MODULES = YES;
				CODE_SIGN_IDENTITY = "iPhone Developer";
				FRAMEWORK_SEARCH_PATHS = (
					"$(inherited)",
					"$(PROJECT_DIR)/ds-ios",
					"$(PROJECT_DIR)/ds-ios/UMSocial_Sdk_4.3/UMSocial_Sdk_Extra_Frameworks/TencentOpenAPI",
					"$(PROJECT_DIR)/ds-ios/SMS_SDK",
				);
				INFOPLIST_FILE = "ds-ios/Info.plist";
				LD_RUNPATH_SEARCH_PATHS = "$(inherited) @executable_path/Frameworks";
				LIBRARY_SEARCH_PATHS = (
					"$(inherited)",
					"$(PROJECT_DIR)/ds-ios",
					"$(PROJECT_DIR)/ds-ios/UMSocial_Sdk_4.3",
					"$(PROJECT_DIR)/ds-ios/UMSocial_Sdk_4.3/UMSocial_Sdk_Extra_Frameworks/Sina",
					"$(PROJECT_DIR)/ds-ios/UMSocial_Sdk_4.3/UMSocial_Sdk_Extra_Frameworks/TencentOpenAPI",
					"$(PROJECT_DIR)/ds-ios/UMSocial_Sdk_4.3/UMSocial_Sdk_Extra_Frameworks/Wechat",
					"$(PROJECT_DIR)/ds-ios/UMessage_Sdk_1.2.0",
				);
				PRODUCT_BUNDLE_IDENTIFIER = "me.doushi.ds-ios";
				PRODUCT_NAME = "$(TARGET_NAME)";
				SWIFT_OBJC_BRIDGING_HEADER = "ds-ios/ds-ios-Bridging-Header.h";
			};
			name = Release;
		};
/* End XCBuildConfiguration section */

/* Begin XCConfigurationList section */
		AB03C8021BD6A09A00F0A37C /* Build configuration list for PBXProject "ds-ios" */ = {
			isa = XCConfigurationList;
			buildConfigurations = (
				AB03C81A1BD6A09A00F0A37C /* Debug */,
				AB03C81B1BD6A09A00F0A37C /* Release */,
			);
			defaultConfigurationIsVisible = 0;
			defaultConfigurationName = Release;
		};
		AB03C81C1BD6A09A00F0A37C /* Build configuration list for PBXNativeTarget "ds-ios" */ = {
			isa = XCConfigurationList;
			buildConfigurations = (
				AB03C81D1BD6A09A00F0A37C /* Debug */,
				AB03C81E1BD6A09A00F0A37C /* Release */,
			);
			defaultConfigurationIsVisible = 0;
			defaultConfigurationName = Release;
		};
/* End XCConfigurationList section */

/* Begin XCVersionGroup section */
		AB03C8111BD6A09A00F0A37C /* ds_ios.xcdatamodeld */ = {
			isa = XCVersionGroup;
			children = (
				AB03C8121BD6A09A00F0A37C /* ds_ios.xcdatamodel */,
			);
			currentVersion = AB03C8121BD6A09A00F0A37C /* ds_ios.xcdatamodel */;
			path = ds_ios.xcdatamodeld;
			sourceTree = "<group>";
			versionGroupType = wrapper.xcdatamodel;
		};
/* End XCVersionGroup section */
	};
	rootObject = AB03C7FF1BD6A09A00F0A37C /* Project object */;
}
